// !$*UTF8*$!
{
	archiveVersion = 1;
	classes = {
	};
	objectVersion = 51;
	objects = {

/* Begin PBXBuildFile section */
<<<<<<< HEAD
		557344D7AE172AAAB92E7723 /* Pods_SudokuIOS.framework in Frameworks */ = {isa = PBXBuildFile; fileRef = F36E3203A75F8C374FDA757B /* Pods_SudokuIOS.framework */; };
		62C240F82412AC370092A3E9 /* FirebaseAPI.swift in Sources */ = {isa = PBXBuildFile; fileRef = 62C240F52412AC370092A3E9 /* FirebaseAPI.swift */; };
		62C240F92412AC370092A3E9 /* MultiplayerGame.swift in Sources */ = {isa = PBXBuildFile; fileRef = 62C240F62412AC370092A3E9 /* MultiplayerGame.swift */; };
=======
		621592E7241552DE0076A283 /* FirebaseCore.framework in Frameworks */ = {isa = PBXBuildFile; fileRef = 621592E6241552DE0076A283 /* FirebaseCore.framework */; };
		621592E9241552DE0076A283 /* FirebaseCoreDiagnostics.framework in Frameworks */ = {isa = PBXBuildFile; fileRef = 621592E8241552DE0076A283 /* FirebaseCoreDiagnostics.framework */; };
		621592EB241552DE0076A283 /* FirebaseInstallations.framework in Frameworks */ = {isa = PBXBuildFile; fileRef = 621592EA241552DE0076A283 /* FirebaseInstallations.framework */; };
		6262BBE02443BBEC00ECEBCF /* GameViewController.swift in Sources */ = {isa = PBXBuildFile; fileRef = 6262BBDF2443BBEC00ECEBCF /* GameViewController.swift */; };
		6262BBE32444D3ED00ECEBCF /* GameOptionsViewController.swift in Sources */ = {isa = PBXBuildFile; fileRef = 6262BBE22444D3ED00ECEBCF /* GameOptionsViewController.swift */; };
		62C240F82412AC370092A3E9 /* FirebaseAPI.swift in Sources */ = {isa = PBXBuildFile; fileRef = 62C240F52412AC370092A3E9 /* FirebaseAPI.swift */; };
		62C240F92412AC370092A3E9 /* MultiplayerGame.swift in Sources */ = {isa = PBXBuildFile; fileRef = 62C240F62412AC370092A3E9 /* MultiplayerGame.swift */; };
		62C240FA2412AC370092A3E9 /* Player.swift in Sources */ = {isa = PBXBuildFile; fileRef = 62C240F72412AC370092A3E9 /* Player.swift */; };
		62C24131241544D00092A3E9 /* GoogleService-Info.plist in Resources */ = {isa = PBXBuildFile; fileRef = 62C24130241544D00092A3E9 /* GoogleService-Info.plist */; };
>>>>>>> terry
		AE7337F9240F588A004AC3F6 /* AppDelegate.swift in Sources */ = {isa = PBXBuildFile; fileRef = AE7337F8240F588A004AC3F6 /* AppDelegate.swift */; };
		AE7337FB240F588A004AC3F6 /* ViewController.swift in Sources */ = {isa = PBXBuildFile; fileRef = AE7337FA240F588A004AC3F6 /* ViewController.swift */; };
		AE7337FE240F588A004AC3F6 /* Main.storyboard in Resources */ = {isa = PBXBuildFile; fileRef = AE7337FC240F588A004AC3F6 /* Main.storyboard */; };
		AE733800240F588B004AC3F6 /* Assets.xcassets in Resources */ = {isa = PBXBuildFile; fileRef = AE7337FF240F588B004AC3F6 /* Assets.xcassets */; };
		AE733803240F588B004AC3F6 /* LaunchScreen.storyboard in Resources */ = {isa = PBXBuildFile; fileRef = AE733801240F588B004AC3F6 /* LaunchScreen.storyboard */; };
		AE73380F240F5943004AC3F6 /* Game.swift in Sources */ = {isa = PBXBuildFile; fileRef = AE73380E240F5943004AC3F6 /* Game.swift */; };
		AE733811240F59F2004AC3F6 /* User.swift in Sources */ = {isa = PBXBuildFile; fileRef = AE733810240F59F2004AC3F6 /* User.swift */; };
		AE733813240F5D88004AC3F6 /* Board.swift in Sources */ = {isa = PBXBuildFile; fileRef = AE733812240F5D88004AC3F6 /* Board.swift */; };
<<<<<<< HEAD
		AE749FD82415FBB30079954A /* ShareDialogViewController.swift in Sources */ = {isa = PBXBuildFile; fileRef = AE749FD72415FBB30079954A /* ShareDialogViewController.swift */; };
		AEB2A7EC2441213500E38528 /* MyData.swift in Sources */ = {isa = PBXBuildFile; fileRef = AEB2A7EB2441213500E38528 /* MyData.swift */; };
		AEB2A7F02441251200E38528 /* ProjectDatabase.db in Resources */ = {isa = PBXBuildFile; fileRef = AEB2A7EF2441251200E38528 /* ProjectDatabase.db */; };
		AEB2A7F32441259000E38528 /* libsqlite3.0.tbd in Frameworks */ = {isa = PBXBuildFile; fileRef = AEB2A7F12441258F00E38528 /* libsqlite3.0.tbd */; };
		AEB2A7F42441259000E38528 /* libsqlite3.tbd in Frameworks */ = {isa = PBXBuildFile; fileRef = AEB2A7F22441259000E38528 /* libsqlite3.tbd */; };
		AEC2900924104B5D007155BA /* Database.swift in Sources */ = {isa = PBXBuildFile; fileRef = AEC2900824104B5D007155BA /* Database.swift */; };
		AEC2900B2412AD11007155BA /* Player.swift in Sources */ = {isa = PBXBuildFile; fileRef = AEC2900A2412AD11007155BA /* Player.swift */; };
		AEC2904324153FC1007155BA /* LocalStorage.swift in Sources */ = {isa = PBXBuildFile; fileRef = AEC2904224153FC1007155BA /* LocalStorage.swift */; };
		AEEAD44C2415506300A127DA /* FacebookCore.framework in Frameworks */ = {isa = PBXBuildFile; fileRef = AEEAD44B2415506300A127DA /* FacebookCore.framework */; };
		AEEAD44E2415506A00A127DA /* FacebookLogin.framework in Frameworks */ = {isa = PBXBuildFile; fileRef = AEEAD44D2415506A00A127DA /* FacebookLogin.framework */; };
		AEEAD4502415507000A127DA /* FacebookShare.framework in Frameworks */ = {isa = PBXBuildFile; fileRef = AEEAD44F2415507000A127DA /* FacebookShare.framework */; };
		AEEAD4522415590A00A127DA /* GameOverViewController.swift in Sources */ = {isa = PBXBuildFile; fileRef = AEEAD4512415590A00A127DA /* GameOverViewController.swift */; };
=======
		AE7338352415403C004AC3F6 /* BoardSegment.swift in Sources */ = {isa = PBXBuildFile; fileRef = AE7338342415403C004AC3F6 /* BoardSegment.swift */; };
		EC9798137034F96A330E5F27 /* Pods_SudokuIOS.framework in Frameworks */ = {isa = PBXBuildFile; fileRef = E6FBDD0E3047E94ED87122B5 /* Pods_SudokuIOS.framework */; };
>>>>>>> terry
/* End PBXBuildFile section */

/* Begin PBXContainerItemProxy section */
		AEACBF2E2421BEC800394E12 /* PBXContainerItemProxy */ = {
			isa = PBXContainerItemProxy;
			containerPortal = AEACBF232421BEC800394E12 /* Pods.xcodeproj */;
			proxyType = 2;
			remoteGlobalIDString = 2841AEF52E29FA3509917881FAAF0B39;
			remoteInfo = FacebookCore;
		};
		AEACBF302421BEC800394E12 /* PBXContainerItemProxy */ = {
			isa = PBXContainerItemProxy;
			containerPortal = AEACBF232421BEC800394E12 /* Pods.xcodeproj */;
			proxyType = 2;
			remoteGlobalIDString = 0D8F64E108E669D0B6EC6229DB3967A9;
			remoteInfo = FacebookLogin;
		};
		AEACBF322421BEC800394E12 /* PBXContainerItemProxy */ = {
			isa = PBXContainerItemProxy;
			containerPortal = AEACBF232421BEC800394E12 /* Pods.xcodeproj */;
			proxyType = 2;
			remoteGlobalIDString = 8FA85C691FE86D8C0503CEC8E3285F8D;
			remoteInfo = FacebookShare;
		};
		AEACBF342421BEC800394E12 /* PBXContainerItemProxy */ = {
			isa = PBXContainerItemProxy;
			containerPortal = AEACBF232421BEC800394E12 /* Pods.xcodeproj */;
			proxyType = 2;
			remoteGlobalIDString = EC8F4D0BE3B0C192EBA4A93F8887D89F;
			remoteInfo = FBSDKCoreKit;
		};
		AEACBF362421BEC800394E12 /* PBXContainerItemProxy */ = {
			isa = PBXContainerItemProxy;
			containerPortal = AEACBF232421BEC800394E12 /* Pods.xcodeproj */;
			proxyType = 2;
			remoteGlobalIDString = 5DE0FEFC3995E740EC1AE2611D0AEFB0;
			remoteInfo = FBSDKLoginKit;
		};
		AEACBF3A2421BEC800394E12 /* PBXContainerItemProxy */ = {
			isa = PBXContainerItemProxy;
			containerPortal = AEACBF232421BEC800394E12 /* Pods.xcodeproj */;
			proxyType = 2;
			remoteGlobalIDString = 85128AF76199890A6DD56FE81089D883;
			remoteInfo = FBSDKShareKit;
		};
		AEACBF3C2421BEC800394E12 /* PBXContainerItemProxy */ = {
			isa = PBXContainerItemProxy;
			containerPortal = AEACBF232421BEC800394E12 /* Pods.xcodeproj */;
			proxyType = 2;
			remoteGlobalIDString = FBA2647082B1EDD1AE2FCD09FDE15D91;
			remoteInfo = "Pods-SudokuIOS";
		};
/* End PBXContainerItemProxy section */

/* Begin PBXFileReference section */
<<<<<<< HEAD
		0C90C20786081D8CDFA54C1E /* Pods-SudokuIOS.debug.xcconfig */ = {isa = PBXFileReference; includeInIndex = 1; lastKnownFileType = text.xcconfig; name = "Pods-SudokuIOS.debug.xcconfig"; path = "Target Support Files/Pods-SudokuIOS/Pods-SudokuIOS.debug.xcconfig"; sourceTree = "<group>"; };
		62C240F52412AC370092A3E9 /* FirebaseAPI.swift */ = {isa = PBXFileReference; fileEncoding = 4; lastKnownFileType = sourcecode.swift; path = FirebaseAPI.swift; sourceTree = "<group>"; };
		62C240F62412AC370092A3E9 /* MultiplayerGame.swift */ = {isa = PBXFileReference; fileEncoding = 4; lastKnownFileType = sourcecode.swift; path = MultiplayerGame.swift; sourceTree = "<group>"; };
		AAE94790F765B4D374C03C8A /* Pods-SudokuIOS.release.xcconfig */ = {isa = PBXFileReference; includeInIndex = 1; lastKnownFileType = text.xcconfig; name = "Pods-SudokuIOS.release.xcconfig"; path = "Target Support Files/Pods-SudokuIOS/Pods-SudokuIOS.release.xcconfig"; sourceTree = "<group>"; };
=======
		5645C9EB764F27E9566AFA71 /* Pods-SudokuIOS.debug.xcconfig */ = {isa = PBXFileReference; includeInIndex = 1; lastKnownFileType = text.xcconfig; name = "Pods-SudokuIOS.debug.xcconfig"; path = "Target Support Files/Pods-SudokuIOS/Pods-SudokuIOS.debug.xcconfig"; sourceTree = "<group>"; };
		621592E6241552DE0076A283 /* FirebaseCore.framework */ = {isa = PBXFileReference; explicitFileType = wrapper.framework; path = FirebaseCore.framework; sourceTree = BUILT_PRODUCTS_DIR; };
		621592E8241552DE0076A283 /* FirebaseCoreDiagnostics.framework */ = {isa = PBXFileReference; explicitFileType = wrapper.framework; path = FirebaseCoreDiagnostics.framework; sourceTree = BUILT_PRODUCTS_DIR; };
		621592EA241552DE0076A283 /* FirebaseInstallations.framework */ = {isa = PBXFileReference; explicitFileType = wrapper.framework; path = FirebaseInstallations.framework; sourceTree = BUILT_PRODUCTS_DIR; };
		6262BBDF2443BBEC00ECEBCF /* GameViewController.swift */ = {isa = PBXFileReference; lastKnownFileType = sourcecode.swift; path = GameViewController.swift; sourceTree = "<group>"; };
		6262BBE22444D3ED00ECEBCF /* GameOptionsViewController.swift */ = {isa = PBXFileReference; lastKnownFileType = sourcecode.swift; path = GameOptionsViewController.swift; sourceTree = "<group>"; };
		62C240F52412AC370092A3E9 /* FirebaseAPI.swift */ = {isa = PBXFileReference; fileEncoding = 4; lastKnownFileType = sourcecode.swift; path = FirebaseAPI.swift; sourceTree = "<group>"; };
		62C240F62412AC370092A3E9 /* MultiplayerGame.swift */ = {isa = PBXFileReference; fileEncoding = 4; lastKnownFileType = sourcecode.swift; path = MultiplayerGame.swift; sourceTree = "<group>"; };
		62C240F72412AC370092A3E9 /* Player.swift */ = {isa = PBXFileReference; fileEncoding = 4; lastKnownFileType = sourcecode.swift; path = Player.swift; sourceTree = "<group>"; };
		62C24130241544D00092A3E9 /* GoogleService-Info.plist */ = {isa = PBXFileReference; fileEncoding = 4; lastKnownFileType = text.plist.xml; path = "GoogleService-Info.plist"; sourceTree = SOURCE_ROOT; };
		7BCE4EE8C0A93C912D20CD5A /* Pods-SudokuIOS.release.xcconfig */ = {isa = PBXFileReference; includeInIndex = 1; lastKnownFileType = text.xcconfig; name = "Pods-SudokuIOS.release.xcconfig"; path = "Target Support Files/Pods-SudokuIOS/Pods-SudokuIOS.release.xcconfig"; sourceTree = "<group>"; };
>>>>>>> terry
		AE7337F5240F588A004AC3F6 /* SudokuIOS.app */ = {isa = PBXFileReference; explicitFileType = wrapper.application; includeInIndex = 0; path = SudokuIOS.app; sourceTree = BUILT_PRODUCTS_DIR; };
		AE7337F8240F588A004AC3F6 /* AppDelegate.swift */ = {isa = PBXFileReference; lastKnownFileType = sourcecode.swift; path = AppDelegate.swift; sourceTree = "<group>"; };
		AE7337FA240F588A004AC3F6 /* ViewController.swift */ = {isa = PBXFileReference; lastKnownFileType = sourcecode.swift; path = ViewController.swift; sourceTree = "<group>"; };
		AE7337FD240F588A004AC3F6 /* Base */ = {isa = PBXFileReference; lastKnownFileType = file.storyboard; name = Base; path = Base.lproj/Main.storyboard; sourceTree = "<group>"; };
		AE7337FF240F588B004AC3F6 /* Assets.xcassets */ = {isa = PBXFileReference; lastKnownFileType = folder.assetcatalog; path = Assets.xcassets; sourceTree = "<group>"; };
		AE733802240F588B004AC3F6 /* Base */ = {isa = PBXFileReference; lastKnownFileType = file.storyboard; name = Base; path = Base.lproj/LaunchScreen.storyboard; sourceTree = "<group>"; };
		AE733804240F588B004AC3F6 /* Info.plist */ = {isa = PBXFileReference; lastKnownFileType = text.plist.xml; path = Info.plist; sourceTree = "<group>"; };
		AE73380E240F5943004AC3F6 /* Game.swift */ = {isa = PBXFileReference; lastKnownFileType = sourcecode.swift; path = Game.swift; sourceTree = "<group>"; };
		AE733810240F59F2004AC3F6 /* User.swift */ = {isa = PBXFileReference; lastKnownFileType = sourcecode.swift; path = User.swift; sourceTree = "<group>"; };
		AE733812240F5D88004AC3F6 /* Board.swift */ = {isa = PBXFileReference; lastKnownFileType = sourcecode.swift; path = Board.swift; sourceTree = "<group>"; };
<<<<<<< HEAD
		AE749FD72415FBB30079954A /* ShareDialogViewController.swift */ = {isa = PBXFileReference; fileEncoding = 4; lastKnownFileType = sourcecode.swift; path = ShareDialogViewController.swift; sourceTree = "<group>"; };
		AEACBF1B2421BB8400394E12 /* FBSDKCoreKit.framework */ = {isa = PBXFileReference; explicitFileType = wrapper.framework; path = FBSDKCoreKit.framework; sourceTree = BUILT_PRODUCTS_DIR; };
		AEACBF1D2421BB8400394E12 /* FBSDKLoginKit.framework */ = {isa = PBXFileReference; explicitFileType = wrapper.framework; path = FBSDKLoginKit.framework; sourceTree = BUILT_PRODUCTS_DIR; };
		AEACBF1F2421BB8400394E12 /* FBSDKPlacesKit.framework */ = {isa = PBXFileReference; explicitFileType = wrapper.framework; path = FBSDKPlacesKit.framework; sourceTree = BUILT_PRODUCTS_DIR; };
		AEACBF212421BB8400394E12 /* FBSDKShareKit.framework */ = {isa = PBXFileReference; explicitFileType = wrapper.framework; path = FBSDKShareKit.framework; sourceTree = BUILT_PRODUCTS_DIR; };
		AEACBF232421BEC800394E12 /* Pods.xcodeproj */ = {isa = PBXFileReference; lastKnownFileType = "wrapper.pb-project"; path = Pods.xcodeproj; sourceTree = "<group>"; };
		AEB2A7EB2441213500E38528 /* MyData.swift */ = {isa = PBXFileReference; lastKnownFileType = sourcecode.swift; path = MyData.swift; sourceTree = "<group>"; };
		AEB2A7EF2441251200E38528 /* ProjectDatabase.db */ = {isa = PBXFileReference; lastKnownFileType = file; path = ProjectDatabase.db; sourceTree = "<group>"; };
		AEB2A7F12441258F00E38528 /* libsqlite3.0.tbd */ = {isa = PBXFileReference; lastKnownFileType = "sourcecode.text-based-dylib-definition"; name = libsqlite3.0.tbd; path = usr/lib/libsqlite3.0.tbd; sourceTree = SDKROOT; };
		AEB2A7F22441259000E38528 /* libsqlite3.tbd */ = {isa = PBXFileReference; lastKnownFileType = "sourcecode.text-based-dylib-definition"; name = libsqlite3.tbd; path = usr/lib/libsqlite3.tbd; sourceTree = SDKROOT; };
		AEC2900824104B5D007155BA /* Database.swift */ = {isa = PBXFileReference; lastKnownFileType = sourcecode.swift; path = Database.swift; sourceTree = "<group>"; };
		AEC2900A2412AD11007155BA /* Player.swift */ = {isa = PBXFileReference; fileEncoding = 4; lastKnownFileType = sourcecode.swift; path = Player.swift; sourceTree = "<group>"; };
		AEC2904224153FC1007155BA /* LocalStorage.swift */ = {isa = PBXFileReference; lastKnownFileType = sourcecode.swift; path = LocalStorage.swift; sourceTree = "<group>"; };
		AEEAD44B2415506300A127DA /* FacebookCore.framework */ = {isa = PBXFileReference; explicitFileType = wrapper.framework; path = FacebookCore.framework; sourceTree = BUILT_PRODUCTS_DIR; };
		AEEAD44D2415506A00A127DA /* FacebookLogin.framework */ = {isa = PBXFileReference; explicitFileType = wrapper.framework; path = FacebookLogin.framework; sourceTree = BUILT_PRODUCTS_DIR; };
		AEEAD44F2415507000A127DA /* FacebookShare.framework */ = {isa = PBXFileReference; explicitFileType = wrapper.framework; path = FacebookShare.framework; sourceTree = BUILT_PRODUCTS_DIR; };
		AEEAD4512415590A00A127DA /* GameOverViewController.swift */ = {isa = PBXFileReference; lastKnownFileType = sourcecode.swift; path = GameOverViewController.swift; sourceTree = "<group>"; };
		F36E3203A75F8C374FDA757B /* Pods_SudokuIOS.framework */ = {isa = PBXFileReference; explicitFileType = wrapper.framework; includeInIndex = 0; path = Pods_SudokuIOS.framework; sourceTree = BUILT_PRODUCTS_DIR; };
=======
		AE7338342415403C004AC3F6 /* BoardSegment.swift */ = {isa = PBXFileReference; lastKnownFileType = sourcecode.swift; path = BoardSegment.swift; sourceTree = "<group>"; };
		E6FBDD0E3047E94ED87122B5 /* Pods_SudokuIOS.framework */ = {isa = PBXFileReference; explicitFileType = wrapper.framework; includeInIndex = 0; path = Pods_SudokuIOS.framework; sourceTree = BUILT_PRODUCTS_DIR; };
>>>>>>> terry
/* End PBXFileReference section */

/* Begin PBXFrameworksBuildPhase section */
		AE7337F2240F588A004AC3F6 /* Frameworks */ = {
			isa = PBXFrameworksBuildPhase;
			buildActionMask = 2147483647;
			files = (
<<<<<<< HEAD
				AEB2A7F32441259000E38528 /* libsqlite3.0.tbd in Frameworks */,
				AEB2A7F42441259000E38528 /* libsqlite3.tbd in Frameworks */,
				AEEAD4502415507000A127DA /* FacebookShare.framework in Frameworks */,
				AEEAD44E2415506A00A127DA /* FacebookLogin.framework in Frameworks */,
				AEEAD44C2415506300A127DA /* FacebookCore.framework in Frameworks */,
				557344D7AE172AAAB92E7723 /* Pods_SudokuIOS.framework in Frameworks */,
=======
				621592E7241552DE0076A283 /* FirebaseCore.framework in Frameworks */,
				621592E9241552DE0076A283 /* FirebaseCoreDiagnostics.framework in Frameworks */,
				621592EB241552DE0076A283 /* FirebaseInstallations.framework in Frameworks */,
				EC9798137034F96A330E5F27 /* Pods_SudokuIOS.framework in Frameworks */,
>>>>>>> terry
			);
			runOnlyForDeploymentPostprocessing = 0;
		};
/* End PBXFrameworksBuildPhase section */

/* Begin PBXGroup section */
<<<<<<< HEAD
		2D4087D3119E64BDBF52C1D5 /* Frameworks */ = {
			isa = PBXGroup;
			children = (
				AEB2A7F12441258F00E38528 /* libsqlite3.0.tbd */,
				AEB2A7F22441259000E38528 /* libsqlite3.tbd */,
				AEACBF1B2421BB8400394E12 /* FBSDKCoreKit.framework */,
				AEACBF1D2421BB8400394E12 /* FBSDKLoginKit.framework */,
				AEACBF1F2421BB8400394E12 /* FBSDKPlacesKit.framework */,
				AEACBF212421BB8400394E12 /* FBSDKShareKit.framework */,
				AEEAD44F2415507000A127DA /* FacebookShare.framework */,
				AEEAD44D2415506A00A127DA /* FacebookLogin.framework */,
				AEEAD44B2415506300A127DA /* FacebookCore.framework */,
				F36E3203A75F8C374FDA757B /* Pods_SudokuIOS.framework */,
=======
		08988CB0C27CB4C7FC919D08 /* Frameworks */ = {
			isa = PBXGroup;
			children = (
				621592E6241552DE0076A283 /* FirebaseCore.framework */,
				621592E8241552DE0076A283 /* FirebaseCoreDiagnostics.framework */,
				621592EA241552DE0076A283 /* FirebaseInstallations.framework */,
				E6FBDD0E3047E94ED87122B5 /* Pods_SudokuIOS.framework */,
>>>>>>> terry
			);
			name = Frameworks;
			sourceTree = "<group>";
		};
<<<<<<< HEAD
		7C2827F5674E6E53E15D67FC /* Pods */ = {
			isa = PBXGroup;
			children = (
				AEACBF232421BEC800394E12 /* Pods.xcodeproj */,
				0C90C20786081D8CDFA54C1E /* Pods-SudokuIOS.debug.xcconfig */,
				AAE94790F765B4D374C03C8A /* Pods-SudokuIOS.release.xcconfig */,
=======
		6F4ACDB196829A1C8C79BDF0 /* Pods */ = {
			isa = PBXGroup;
			children = (
				5645C9EB764F27E9566AFA71 /* Pods-SudokuIOS.debug.xcconfig */,
				7BCE4EE8C0A93C912D20CD5A /* Pods-SudokuIOS.release.xcconfig */,
>>>>>>> terry
			);
			path = Pods;
			sourceTree = "<group>";
		};
		AE7337EC240F588A004AC3F6 = {
			isa = PBXGroup;
			children = (
				AEB2A7EE2441249700E38528 /* Database */,
				AE73380D240F58DD004AC3F6 /* Classes */,
				AE73380C240F58D5004AC3F6 /* Images */,
				AE73380B240F58C2004AC3F6 /* Controllers */,
				AE73380A240F58A4004AC3F6 /* Storyboards */,
				AE7337F7240F588A004AC3F6 /* SudokuIOS */,
				AE7337F6240F588A004AC3F6 /* Products */,
<<<<<<< HEAD
				7C2827F5674E6E53E15D67FC /* Pods */,
				2D4087D3119E64BDBF52C1D5 /* Frameworks */,
=======
				6F4ACDB196829A1C8C79BDF0 /* Pods */,
				08988CB0C27CB4C7FC919D08 /* Frameworks */,
>>>>>>> terry
			);
			sourceTree = "<group>";
		};
		AE7337F6240F588A004AC3F6 /* Products */ = {
			isa = PBXGroup;
			children = (
				AE7337F5240F588A004AC3F6 /* SudokuIOS.app */,
			);
			name = Products;
			sourceTree = "<group>";
		};
		AE7337F7240F588A004AC3F6 /* SudokuIOS */ = {
			isa = PBXGroup;
			children = (
<<<<<<< HEAD
=======
				62C24130241544D00092A3E9 /* GoogleService-Info.plist */,
				AE7337F8240F588A004AC3F6 /* AppDelegate.swift */,
>>>>>>> terry
				AE7337FF240F588B004AC3F6 /* Assets.xcassets */,
				AE733804240F588B004AC3F6 /* Info.plist */,
			);
			path = SudokuIOS;
			sourceTree = "<group>";
		};
		AE73380A240F58A4004AC3F6 /* Storyboards */ = {
			isa = PBXGroup;
			children = (
				AE7337FC240F588A004AC3F6 /* Main.storyboard */,
				AE733801240F588B004AC3F6 /* LaunchScreen.storyboard */,
			);
			path = Storyboards;
			sourceTree = "<group>";
		};
		AE73380B240F58C2004AC3F6 /* Controllers */ = {
			isa = PBXGroup;
			children = (
				AE749FD72415FBB30079954A /* ShareDialogViewController.swift */,
				AE7337FA240F588A004AC3F6 /* ViewController.swift */,
<<<<<<< HEAD
				AEEAD4512415590A00A127DA /* GameOverViewController.swift */,
=======
				6262BBDF2443BBEC00ECEBCF /* GameViewController.swift */,
				6262BBE22444D3ED00ECEBCF /* GameOptionsViewController.swift */,
>>>>>>> terry
			);
			path = Controllers;
			sourceTree = "<group>";
		};
		AE73380C240F58D5004AC3F6 /* Images */ = {
			isa = PBXGroup;
			children = (
			);
			path = Images;
			sourceTree = "<group>";
		};
		AE73380D240F58DD004AC3F6 /* Classes */ = {
			isa = PBXGroup;
			children = (
				AE7337F8240F588A004AC3F6 /* AppDelegate.swift */,
				AEC2900A2412AD11007155BA /* Player.swift */,
				62C240F52412AC370092A3E9 /* FirebaseAPI.swift */,
				62C240F62412AC370092A3E9 /* MultiplayerGame.swift */,
				AE73380E240F5943004AC3F6 /* Game.swift */,
				AE733810240F59F2004AC3F6 /* User.swift */,
				AE733812240F5D88004AC3F6 /* Board.swift */,
<<<<<<< HEAD
				AEC2900824104B5D007155BA /* Database.swift */,
				AEC2904224153FC1007155BA /* LocalStorage.swift */,
				AEB2A7EB2441213500E38528 /* MyData.swift */,
=======
				AE7338342415403C004AC3F6 /* BoardSegment.swift */,
>>>>>>> terry
			);
			path = Classes;
			sourceTree = "<group>";
		};
		AEACBF242421BEC800394E12 /* Products */ = {
			isa = PBXGroup;
			children = (
				AEACBF2F2421BEC800394E12 /* FacebookCore.framework */,
				AEACBF312421BEC800394E12 /* FacebookLogin.framework */,
				AEACBF332421BEC800394E12 /* FacebookShare.framework */,
				AEACBF352421BEC800394E12 /* FBSDKCoreKit.framework */,
				AEACBF372421BEC800394E12 /* FBSDKLoginKit.framework */,
				AEACBF3B2421BEC800394E12 /* FBSDKShareKit.framework */,
				AEACBF3D2421BEC800394E12 /* Pods_SudokuIOS.framework */,
			);
			name = Products;
			sourceTree = "<group>";
		};
		AEB2A7EE2441249700E38528 /* Database */ = {
			isa = PBXGroup;
			children = (
				AEB2A7EF2441251200E38528 /* ProjectDatabase.db */,
			);
			path = Database;
			sourceTree = "<group>";
		};
/* End PBXGroup section */

/* Begin PBXNativeTarget section */
		AE7337F4240F588A004AC3F6 /* SudokuIOS */ = {
			isa = PBXNativeTarget;
			buildConfigurationList = AE733807240F588B004AC3F6 /* Build configuration list for PBXNativeTarget "SudokuIOS" */;
			buildPhases = (
<<<<<<< HEAD
				7FE599BC1A8262475740007D /* [CP] Check Pods Manifest.lock */,
				AE7337F1240F588A004AC3F6 /* Sources */,
				AE7337F2240F588A004AC3F6 /* Frameworks */,
				AE7337F3240F588A004AC3F6 /* Resources */,
				924B26B4ED05F2A09566E97B /* [CP] Embed Pods Frameworks */,
=======
				0B1AC50886A06822BA6548C4 /* [CP] Check Pods Manifest.lock */,
				AE7337F1240F588A004AC3F6 /* Sources */,
				AE7337F2240F588A004AC3F6 /* Frameworks */,
				AE7337F3240F588A004AC3F6 /* Resources */,
				E75AE3E1945F73E6B614CD22 /* [CP] Embed Pods Frameworks */,
>>>>>>> terry
			);
			buildRules = (
			);
			dependencies = (
			);
			name = SudokuIOS;
			productName = SudokuIOS;
			productReference = AE7337F5240F588A004AC3F6 /* SudokuIOS.app */;
			productType = "com.apple.product-type.application";
		};
/* End PBXNativeTarget section */

/* Begin PBXProject section */
		AE7337ED240F588A004AC3F6 /* Project object */ = {
			isa = PBXProject;
			attributes = {
				LastSwiftUpdateCheck = 1030;
				LastUpgradeCheck = 1030;
				ORGANIZATIONNAME = "Xcode User";
				TargetAttributes = {
					AE7337F4240F588A004AC3F6 = {
						CreatedOnToolsVersion = 10.3;
					};
				};
			};
			buildConfigurationList = AE7337F0240F588A004AC3F6 /* Build configuration list for PBXProject "SudokuIOS" */;
			compatibilityVersion = "Xcode 9.3";
			developmentRegion = en;
			hasScannedForEncodings = 0;
			knownRegions = (
				en,
				Base,
			);
			mainGroup = AE7337EC240F588A004AC3F6;
			productRefGroup = AE7337F6240F588A004AC3F6 /* Products */;
			projectDirPath = "";
			projectReferences = (
				{
					ProductGroup = AEACBF242421BEC800394E12 /* Products */;
					ProjectRef = AEACBF232421BEC800394E12 /* Pods.xcodeproj */;
				},
			);
			projectRoot = "";
			targets = (
				AE7337F4240F588A004AC3F6 /* SudokuIOS */,
			);
		};
/* End PBXProject section */

/* Begin PBXReferenceProxy section */
		AEACBF2F2421BEC800394E12 /* FacebookCore.framework */ = {
			isa = PBXReferenceProxy;
			fileType = wrapper.framework;
			path = FacebookCore.framework;
			remoteRef = AEACBF2E2421BEC800394E12 /* PBXContainerItemProxy */;
			sourceTree = BUILT_PRODUCTS_DIR;
		};
		AEACBF312421BEC800394E12 /* FacebookLogin.framework */ = {
			isa = PBXReferenceProxy;
			fileType = wrapper.framework;
			path = FacebookLogin.framework;
			remoteRef = AEACBF302421BEC800394E12 /* PBXContainerItemProxy */;
			sourceTree = BUILT_PRODUCTS_DIR;
		};
		AEACBF332421BEC800394E12 /* FacebookShare.framework */ = {
			isa = PBXReferenceProxy;
			fileType = wrapper.framework;
			path = FacebookShare.framework;
			remoteRef = AEACBF322421BEC800394E12 /* PBXContainerItemProxy */;
			sourceTree = BUILT_PRODUCTS_DIR;
		};
		AEACBF352421BEC800394E12 /* FBSDKCoreKit.framework */ = {
			isa = PBXReferenceProxy;
			fileType = wrapper.framework;
			path = FBSDKCoreKit.framework;
			remoteRef = AEACBF342421BEC800394E12 /* PBXContainerItemProxy */;
			sourceTree = BUILT_PRODUCTS_DIR;
		};
		AEACBF372421BEC800394E12 /* FBSDKLoginKit.framework */ = {
			isa = PBXReferenceProxy;
			fileType = wrapper.framework;
			path = FBSDKLoginKit.framework;
			remoteRef = AEACBF362421BEC800394E12 /* PBXContainerItemProxy */;
			sourceTree = BUILT_PRODUCTS_DIR;
		};
		AEACBF3B2421BEC800394E12 /* FBSDKShareKit.framework */ = {
			isa = PBXReferenceProxy;
			fileType = wrapper.framework;
			path = FBSDKShareKit.framework;
			remoteRef = AEACBF3A2421BEC800394E12 /* PBXContainerItemProxy */;
			sourceTree = BUILT_PRODUCTS_DIR;
		};
		AEACBF3D2421BEC800394E12 /* Pods_SudokuIOS.framework */ = {
			isa = PBXReferenceProxy;
			fileType = wrapper.framework;
			path = Pods_SudokuIOS.framework;
			remoteRef = AEACBF3C2421BEC800394E12 /* PBXContainerItemProxy */;
			sourceTree = BUILT_PRODUCTS_DIR;
		};
/* End PBXReferenceProxy section */

/* Begin PBXResourcesBuildPhase section */
		AE7337F3240F588A004AC3F6 /* Resources */ = {
			isa = PBXResourcesBuildPhase;
			buildActionMask = 2147483647;
			files = (
				AE733803240F588B004AC3F6 /* LaunchScreen.storyboard in Resources */,
				62C24131241544D00092A3E9 /* GoogleService-Info.plist in Resources */,
				AE733800240F588B004AC3F6 /* Assets.xcassets in Resources */,
				AEB2A7F02441251200E38528 /* ProjectDatabase.db in Resources */,
				AE7337FE240F588A004AC3F6 /* Main.storyboard in Resources */,
			);
			runOnlyForDeploymentPostprocessing = 0;
		};
/* End PBXResourcesBuildPhase section */

/* Begin PBXShellScriptBuildPhase section */
<<<<<<< HEAD
		7FE599BC1A8262475740007D /* [CP] Check Pods Manifest.lock */ = {
=======
		0B1AC50886A06822BA6548C4 /* [CP] Check Pods Manifest.lock */ = {
>>>>>>> terry
			isa = PBXShellScriptBuildPhase;
			buildActionMask = 2147483647;
			files = (
			);
			inputFileListPaths = (
			);
			inputPaths = (
				"${PODS_PODFILE_DIR_PATH}/Podfile.lock",
				"${PODS_ROOT}/Manifest.lock",
			);
			name = "[CP] Check Pods Manifest.lock";
			outputFileListPaths = (
			);
			outputPaths = (
				"$(DERIVED_FILE_DIR)/Pods-SudokuIOS-checkManifestLockResult.txt",
			);
			runOnlyForDeploymentPostprocessing = 0;
			shellPath = /bin/sh;
			shellScript = "diff \"${PODS_PODFILE_DIR_PATH}/Podfile.lock\" \"${PODS_ROOT}/Manifest.lock\" > /dev/null\nif [ $? != 0 ] ; then\n    # print error to STDERR\n    echo \"error: The sandbox is not in sync with the Podfile.lock. Run 'pod install' or update your CocoaPods installation.\" >&2\n    exit 1\nfi\n# This output is used by Xcode 'outputs' to avoid re-running this script phase.\necho \"SUCCESS\" > \"${SCRIPT_OUTPUT_FILE_0}\"\n";
			showEnvVarsInLog = 0;
		};
<<<<<<< HEAD
		924B26B4ED05F2A09566E97B /* [CP] Embed Pods Frameworks */ = {
=======
		E75AE3E1945F73E6B614CD22 /* [CP] Embed Pods Frameworks */ = {
>>>>>>> terry
			isa = PBXShellScriptBuildPhase;
			buildActionMask = 2147483647;
			files = (
			);
			inputFileListPaths = (
				"${PODS_ROOT}/Target Support Files/Pods-SudokuIOS/Pods-SudokuIOS-frameworks-${CONFIGURATION}-input-files.xcfilelist",
			);
			name = "[CP] Embed Pods Frameworks";
			outputFileListPaths = (
				"${PODS_ROOT}/Target Support Files/Pods-SudokuIOS/Pods-SudokuIOS-frameworks-${CONFIGURATION}-output-files.xcfilelist",
			);
			runOnlyForDeploymentPostprocessing = 0;
			shellPath = /bin/sh;
			shellScript = "\"${PODS_ROOT}/Target Support Files/Pods-SudokuIOS/Pods-SudokuIOS-frameworks.sh\"\n";
			showEnvVarsInLog = 0;
		};
/* End PBXShellScriptBuildPhase section */

/* Begin PBXSourcesBuildPhase section */
		AE7337F1240F588A004AC3F6 /* Sources */ = {
			isa = PBXSourcesBuildPhase;
			buildActionMask = 2147483647;
			files = (
<<<<<<< HEAD
				AE749FD82415FBB30079954A /* ShareDialogViewController.swift in Sources */,
				AEC2900924104B5D007155BA /* Database.swift in Sources */,
				AEC2904324153FC1007155BA /* LocalStorage.swift in Sources */,
=======
				6262BBE02443BBEC00ECEBCF /* GameViewController.swift in Sources */,
>>>>>>> terry
				AE733811240F59F2004AC3F6 /* User.swift in Sources */,
				62C240F82412AC370092A3E9 /* FirebaseAPI.swift in Sources */,
				AEB2A7EC2441213500E38528 /* MyData.swift in Sources */,
				AE7337FB240F588A004AC3F6 /* ViewController.swift in Sources */,
				62C240F92412AC370092A3E9 /* MultiplayerGame.swift in Sources */,
				AE733813240F5D88004AC3F6 /* Board.swift in Sources */,
				AEEAD4522415590A00A127DA /* GameOverViewController.swift in Sources */,
				AEC2900B2412AD11007155BA /* Player.swift in Sources */,
				AE73380F240F5943004AC3F6 /* Game.swift in Sources */,
				6262BBE32444D3ED00ECEBCF /* GameOptionsViewController.swift in Sources */,
				AE7338352415403C004AC3F6 /* BoardSegment.swift in Sources */,
				AE7337F9240F588A004AC3F6 /* AppDelegate.swift in Sources */,
			);
			runOnlyForDeploymentPostprocessing = 0;
		};
/* End PBXSourcesBuildPhase section */

/* Begin PBXVariantGroup section */
		AE7337FC240F588A004AC3F6 /* Main.storyboard */ = {
			isa = PBXVariantGroup;
			children = (
				AE7337FD240F588A004AC3F6 /* Base */,
			);
			name = Main.storyboard;
			sourceTree = "<group>";
		};
		AE733801240F588B004AC3F6 /* LaunchScreen.storyboard */ = {
			isa = PBXVariantGroup;
			children = (
				AE733802240F588B004AC3F6 /* Base */,
			);
			name = LaunchScreen.storyboard;
			sourceTree = "<group>";
		};
/* End PBXVariantGroup section */

/* Begin XCBuildConfiguration section */
		AE733805240F588B004AC3F6 /* Debug */ = {
			isa = XCBuildConfiguration;
			buildSettings = {
				ALWAYS_SEARCH_USER_PATHS = NO;
				CLANG_ANALYZER_NONNULL = YES;
				CLANG_ANALYZER_NUMBER_OBJECT_CONVERSION = YES_AGGRESSIVE;
				CLANG_CXX_LANGUAGE_STANDARD = "gnu++14";
				CLANG_CXX_LIBRARY = "libc++";
				CLANG_ENABLE_MODULES = YES;
				CLANG_ENABLE_OBJC_ARC = YES;
				CLANG_ENABLE_OBJC_WEAK = YES;
				CLANG_WARN_BLOCK_CAPTURE_AUTORELEASING = YES;
				CLANG_WARN_BOOL_CONVERSION = YES;
				CLANG_WARN_COMMA = YES;
				CLANG_WARN_CONSTANT_CONVERSION = YES;
				CLANG_WARN_DEPRECATED_OBJC_IMPLEMENTATIONS = YES;
				CLANG_WARN_DIRECT_OBJC_ISA_USAGE = YES_ERROR;
				CLANG_WARN_DOCUMENTATION_COMMENTS = YES;
				CLANG_WARN_EMPTY_BODY = YES;
				CLANG_WARN_ENUM_CONVERSION = YES;
				CLANG_WARN_INFINITE_RECURSION = YES;
				CLANG_WARN_INT_CONVERSION = YES;
				CLANG_WARN_NON_LITERAL_NULL_CONVERSION = YES;
				CLANG_WARN_OBJC_IMPLICIT_RETAIN_SELF = YES;
				CLANG_WARN_OBJC_LITERAL_CONVERSION = YES;
				CLANG_WARN_OBJC_ROOT_CLASS = YES_ERROR;
				CLANG_WARN_RANGE_LOOP_ANALYSIS = YES;
				CLANG_WARN_STRICT_PROTOTYPES = YES;
				CLANG_WARN_SUSPICIOUS_MOVE = YES;
				CLANG_WARN_UNGUARDED_AVAILABILITY = YES_AGGRESSIVE;
				CLANG_WARN_UNREACHABLE_CODE = YES;
				CLANG_WARN__DUPLICATE_METHOD_MATCH = YES;
				CODE_SIGN_IDENTITY = "iPhone Developer";
				COPY_PHASE_STRIP = NO;
				DEBUG_INFORMATION_FORMAT = dwarf;
				ENABLE_STRICT_OBJC_MSGSEND = YES;
				ENABLE_TESTABILITY = YES;
				GCC_C_LANGUAGE_STANDARD = gnu11;
				GCC_DYNAMIC_NO_PIC = NO;
				GCC_NO_COMMON_BLOCKS = YES;
				GCC_OPTIMIZATION_LEVEL = 0;
				GCC_PREPROCESSOR_DEFINITIONS = (
					"DEBUG=1",
					"$(inherited)",
				);
				GCC_WARN_64_TO_32_BIT_CONVERSION = YES;
				GCC_WARN_ABOUT_RETURN_TYPE = YES_ERROR;
				GCC_WARN_UNDECLARED_SELECTOR = YES;
				GCC_WARN_UNINITIALIZED_AUTOS = YES_AGGRESSIVE;
				GCC_WARN_UNUSED_FUNCTION = YES;
				GCC_WARN_UNUSED_VARIABLE = YES;
				IPHONEOS_DEPLOYMENT_TARGET = 12.4;
				MTL_ENABLE_DEBUG_INFO = INCLUDE_SOURCE;
				MTL_FAST_MATH = YES;
				ONLY_ACTIVE_ARCH = YES;
				SDKROOT = iphoneos;
				SWIFT_ACTIVE_COMPILATION_CONDITIONS = DEBUG;
				SWIFT_OPTIMIZATION_LEVEL = "-Onone";
			};
			name = Debug;
		};
		AE733806240F588B004AC3F6 /* Release */ = {
			isa = XCBuildConfiguration;
			buildSettings = {
				ALWAYS_SEARCH_USER_PATHS = NO;
				CLANG_ANALYZER_NONNULL = YES;
				CLANG_ANALYZER_NUMBER_OBJECT_CONVERSION = YES_AGGRESSIVE;
				CLANG_CXX_LANGUAGE_STANDARD = "gnu++14";
				CLANG_CXX_LIBRARY = "libc++";
				CLANG_ENABLE_MODULES = YES;
				CLANG_ENABLE_OBJC_ARC = YES;
				CLANG_ENABLE_OBJC_WEAK = YES;
				CLANG_WARN_BLOCK_CAPTURE_AUTORELEASING = YES;
				CLANG_WARN_BOOL_CONVERSION = YES;
				CLANG_WARN_COMMA = YES;
				CLANG_WARN_CONSTANT_CONVERSION = YES;
				CLANG_WARN_DEPRECATED_OBJC_IMPLEMENTATIONS = YES;
				CLANG_WARN_DIRECT_OBJC_ISA_USAGE = YES_ERROR;
				CLANG_WARN_DOCUMENTATION_COMMENTS = YES;
				CLANG_WARN_EMPTY_BODY = YES;
				CLANG_WARN_ENUM_CONVERSION = YES;
				CLANG_WARN_INFINITE_RECURSION = YES;
				CLANG_WARN_INT_CONVERSION = YES;
				CLANG_WARN_NON_LITERAL_NULL_CONVERSION = YES;
				CLANG_WARN_OBJC_IMPLICIT_RETAIN_SELF = YES;
				CLANG_WARN_OBJC_LITERAL_CONVERSION = YES;
				CLANG_WARN_OBJC_ROOT_CLASS = YES_ERROR;
				CLANG_WARN_RANGE_LOOP_ANALYSIS = YES;
				CLANG_WARN_STRICT_PROTOTYPES = YES;
				CLANG_WARN_SUSPICIOUS_MOVE = YES;
				CLANG_WARN_UNGUARDED_AVAILABILITY = YES_AGGRESSIVE;
				CLANG_WARN_UNREACHABLE_CODE = YES;
				CLANG_WARN__DUPLICATE_METHOD_MATCH = YES;
				CODE_SIGN_IDENTITY = "iPhone Developer";
				COPY_PHASE_STRIP = NO;
				DEBUG_INFORMATION_FORMAT = "dwarf-with-dsym";
				ENABLE_NS_ASSERTIONS = NO;
				ENABLE_STRICT_OBJC_MSGSEND = YES;
				GCC_C_LANGUAGE_STANDARD = gnu11;
				GCC_NO_COMMON_BLOCKS = YES;
				GCC_WARN_64_TO_32_BIT_CONVERSION = YES;
				GCC_WARN_ABOUT_RETURN_TYPE = YES_ERROR;
				GCC_WARN_UNDECLARED_SELECTOR = YES;
				GCC_WARN_UNINITIALIZED_AUTOS = YES_AGGRESSIVE;
				GCC_WARN_UNUSED_FUNCTION = YES;
				GCC_WARN_UNUSED_VARIABLE = YES;
				IPHONEOS_DEPLOYMENT_TARGET = 12.4;
				MTL_ENABLE_DEBUG_INFO = NO;
				MTL_FAST_MATH = YES;
				SDKROOT = iphoneos;
				SWIFT_COMPILATION_MODE = wholemodule;
				SWIFT_OPTIMIZATION_LEVEL = "-O";
				VALIDATE_PRODUCT = YES;
			};
			name = Release;
		};
		AE733808240F588B004AC3F6 /* Debug */ = {
			isa = XCBuildConfiguration;
<<<<<<< HEAD
			baseConfigurationReference = 0C90C20786081D8CDFA54C1E /* Pods-SudokuIOS.debug.xcconfig */;
=======
			baseConfigurationReference = 5645C9EB764F27E9566AFA71 /* Pods-SudokuIOS.debug.xcconfig */;
>>>>>>> terry
			buildSettings = {
				ASSETCATALOG_COMPILER_APPICON_NAME = AppIcon;
				CODE_SIGN_STYLE = Automatic;
				INFOPLIST_FILE = SudokuIOS/Info.plist;
				IPHONEOS_DEPLOYMENT_TARGET = 12.2;
				LD_RUNPATH_SEARCH_PATHS = (
					"$(inherited)",
					"@executable_path/Frameworks",
				);
<<<<<<< HEAD
				PRODUCT_BUNDLE_IDENTIFIER = com.GTI.SudokuIOS;
=======
				PRODUCT_BUNDLE_IDENTIFIER = com.gti.SudokuIOS;
>>>>>>> terry
				PRODUCT_NAME = "$(TARGET_NAME)";
				SWIFT_VERSION = 5.0;
				TARGETED_DEVICE_FAMILY = "1,2";
			};
			name = Debug;
		};
		AE733809240F588B004AC3F6 /* Release */ = {
			isa = XCBuildConfiguration;
<<<<<<< HEAD
			baseConfigurationReference = AAE94790F765B4D374C03C8A /* Pods-SudokuIOS.release.xcconfig */;
=======
			baseConfigurationReference = 7BCE4EE8C0A93C912D20CD5A /* Pods-SudokuIOS.release.xcconfig */;
>>>>>>> terry
			buildSettings = {
				ASSETCATALOG_COMPILER_APPICON_NAME = AppIcon;
				CODE_SIGN_STYLE = Automatic;
				INFOPLIST_FILE = SudokuIOS/Info.plist;
				IPHONEOS_DEPLOYMENT_TARGET = 12.2;
				LD_RUNPATH_SEARCH_PATHS = (
					"$(inherited)",
					"@executable_path/Frameworks",
				);
<<<<<<< HEAD
				PRODUCT_BUNDLE_IDENTIFIER = com.GTI.SudokuIOS;
=======
				PRODUCT_BUNDLE_IDENTIFIER = com.gti.SudokuIOS;
>>>>>>> terry
				PRODUCT_NAME = "$(TARGET_NAME)";
				SWIFT_VERSION = 5.0;
				TARGETED_DEVICE_FAMILY = "1,2";
			};
			name = Release;
		};
/* End XCBuildConfiguration section */

/* Begin XCConfigurationList section */
		AE7337F0240F588A004AC3F6 /* Build configuration list for PBXProject "SudokuIOS" */ = {
			isa = XCConfigurationList;
			buildConfigurations = (
				AE733805240F588B004AC3F6 /* Debug */,
				AE733806240F588B004AC3F6 /* Release */,
			);
			defaultConfigurationIsVisible = 0;
			defaultConfigurationName = Release;
		};
		AE733807240F588B004AC3F6 /* Build configuration list for PBXNativeTarget "SudokuIOS" */ = {
			isa = XCConfigurationList;
			buildConfigurations = (
				AE733808240F588B004AC3F6 /* Debug */,
				AE733809240F588B004AC3F6 /* Release */,
			);
			defaultConfigurationIsVisible = 0;
			defaultConfigurationName = Release;
		};
/* End XCConfigurationList section */
	};
	rootObject = AE7337ED240F588A004AC3F6 /* Project object */;
}
