// !$*UTF8*$!
{
	archiveVersion = 1;
	classes = {
	};
	objectVersion = 51;
	objects = {

/* Begin PBXBuildFile section */
		6204E845244B7117001F4ECF /* puzzle_music.mp3 in Resources */ = {isa = PBXBuildFile; fileRef = 6204E844244B7117001F4ECF /* puzzle_music.mp3 */; };
		6204E848244B73E5001F4ECF /* ProjectDatabase.db in Resources */ = {isa = PBXBuildFile; fileRef = 6204E847244B73E5001F4ECF /* ProjectDatabase.db */; };
		6204E84D244B73F3001F4ECF /* MyData.swift in Sources */ = {isa = PBXBuildFile; fileRef = 6204E849244B73F3001F4ECF /* MyData.swift */; };
		6204E84E244B73F3001F4ECF /* GameOptions.swift in Sources */ = {isa = PBXBuildFile; fileRef = 6204E84A244B73F3001F4ECF /* GameOptions.swift */; };
		6204E84F244B73F3001F4ECF /* ScoreCell.swift in Sources */ = {isa = PBXBuildFile; fileRef = 6204E84B244B73F3001F4ECF /* ScoreCell.swift */; };
		6204E850244B73F3001F4ECF /* MenuOptions.swift in Sources */ = {isa = PBXBuildFile; fileRef = 6204E84C244B73F3001F4ECF /* MenuOptions.swift */; };
		6204E856244B73FD001F4ECF /* sudoku_timer.png in Resources */ = {isa = PBXBuildFile; fileRef = 6204E851244B73FD001F4ECF /* sudoku_timer.png */; };
		6204E857244B73FD001F4ECF /* clouds.jpg in Resources */ = {isa = PBXBuildFile; fileRef = 6204E852244B73FD001F4ECF /* clouds.jpg */; };
		6204E858244B73FD001F4ECF /* watercolor.jpg in Resources */ = {isa = PBXBuildFile; fileRef = 6204E853244B73FD001F4ECF /* watercolor.jpg */; };
		6204E859244B73FD001F4ECF /* sudoku_normal.png in Resources */ = {isa = PBXBuildFile; fileRef = 6204E854244B73FD001F4ECF /* sudoku_normal.png */; };
		6204E85A244B73FD001F4ECF /* sudoku_killer.png in Resources */ = {isa = PBXBuildFile; fileRef = 6204E855244B73FD001F4ECF /* sudoku_killer.png */; };
		6204E85E244B7418001F4ECF /* MenuOptionsViewController.swift in Sources */ = {isa = PBXBuildFile; fileRef = 6204E85B244B7418001F4ECF /* MenuOptionsViewController.swift */; };
		6204E85F244B7418001F4ECF /* InstructionsViewController.swift in Sources */ = {isa = PBXBuildFile; fileRef = 6204E85C244B7418001F4ECF /* InstructionsViewController.swift */; };
		6204E860244B7418001F4ECF /* HighScoreViewController.swift in Sources */ = {isa = PBXBuildFile; fileRef = 6204E85D244B7418001F4ECF /* HighScoreViewController.swift */; };
		621592E7241552DE0076A283 /* FirebaseCore.framework in Frameworks */ = {isa = PBXBuildFile; fileRef = 621592E6241552DE0076A283 /* FirebaseCore.framework */; };
		621592E9241552DE0076A283 /* FirebaseCoreDiagnostics.framework in Frameworks */ = {isa = PBXBuildFile; fileRef = 621592E8241552DE0076A283 /* FirebaseCoreDiagnostics.framework */; };
		621592EB241552DE0076A283 /* FirebaseInstallations.framework in Frameworks */ = {isa = PBXBuildFile; fileRef = 621592EA241552DE0076A283 /* FirebaseInstallations.framework */; };
		6262BBE02443BBEC00ECEBCF /* GameViewController.swift in Sources */ = {isa = PBXBuildFile; fileRef = 6262BBDF2443BBEC00ECEBCF /* GameViewController.swift */; };
		6262BBE32444D3ED00ECEBCF /* GameOptionsViewController.swift in Sources */ = {isa = PBXBuildFile; fileRef = 6262BBE22444D3ED00ECEBCF /* GameOptionsViewController.swift */; };
		62C240F82412AC370092A3E9 /* FirebaseAPI.swift in Sources */ = {isa = PBXBuildFile; fileRef = 62C240F52412AC370092A3E9 /* FirebaseAPI.swift */; };
		62C240FA2412AC370092A3E9 /* Player.swift in Sources */ = {isa = PBXBuildFile; fileRef = 62C240F72412AC370092A3E9 /* Player.swift */; };
		62C24131241544D00092A3E9 /* GoogleService-Info.plist in Resources */ = {isa = PBXBuildFile; fileRef = 62C24130241544D00092A3E9 /* GoogleService-Info.plist */; };
		AE7337F9240F588A004AC3F6 /* AppDelegate.swift in Sources */ = {isa = PBXBuildFile; fileRef = AE7337F8240F588A004AC3F6 /* AppDelegate.swift */; };
		AE7337FB240F588A004AC3F6 /* ViewController.swift in Sources */ = {isa = PBXBuildFile; fileRef = AE7337FA240F588A004AC3F6 /* ViewController.swift */; };
		AE7337FE240F588A004AC3F6 /* Main.storyboard in Resources */ = {isa = PBXBuildFile; fileRef = AE7337FC240F588A004AC3F6 /* Main.storyboard */; };
		AE733800240F588B004AC3F6 /* Assets.xcassets in Resources */ = {isa = PBXBuildFile; fileRef = AE7337FF240F588B004AC3F6 /* Assets.xcassets */; };
		AE733803240F588B004AC3F6 /* LaunchScreen.storyboard in Resources */ = {isa = PBXBuildFile; fileRef = AE733801240F588B004AC3F6 /* LaunchScreen.storyboard */; };
		AE73380F240F5943004AC3F6 /* Game.swift in Sources */ = {isa = PBXBuildFile; fileRef = AE73380E240F5943004AC3F6 /* Game.swift */; };
		AE733811240F59F2004AC3F6 /* User.swift in Sources */ = {isa = PBXBuildFile; fileRef = AE733810240F59F2004AC3F6 /* User.swift */; };
		AE733813240F5D88004AC3F6 /* Board.swift in Sources */ = {isa = PBXBuildFile; fileRef = AE733812240F5D88004AC3F6 /* Board.swift */; };
		AE7338352415403C004AC3F6 /* BoardSegment.swift in Sources */ = {isa = PBXBuildFile; fileRef = AE7338342415403C004AC3F6 /* BoardSegment.swift */; };
		EC9798137034F96A330E5F27 /* Pods_SudokuIOS.framework in Frameworks */ = {isa = PBXBuildFile; fileRef = E6FBDD0E3047E94ED87122B5 /* Pods_SudokuIOS.framework */; };
/* End PBXBuildFile section */

/* Begin PBXFileReference section */
		5645C9EB764F27E9566AFA71 /* Pods-SudokuIOS.debug.xcconfig */ = {isa = PBXFileReference; includeInIndex = 1; lastKnownFileType = text.xcconfig; name = "Pods-SudokuIOS.debug.xcconfig"; path = "Target Support Files/Pods-SudokuIOS/Pods-SudokuIOS.debug.xcconfig"; sourceTree = "<group>"; };
		6204E844244B7117001F4ECF /* puzzle_music.mp3 */ = {isa = PBXFileReference; lastKnownFileType = audio.mp3; path = puzzle_music.mp3; sourceTree = "<group>"; };
		6204E847244B73E5001F4ECF /* ProjectDatabase.db */ = {isa = PBXFileReference; lastKnownFileType = file; path = ProjectDatabase.db; sourceTree = "<group>"; };
		6204E849244B73F3001F4ECF /* MyData.swift */ = {isa = PBXFileReference; fileEncoding = 4; lastKnownFileType = sourcecode.swift; path = MyData.swift; sourceTree = "<group>"; };
		6204E84A244B73F3001F4ECF /* GameOptions.swift */ = {isa = PBXFileReference; fileEncoding = 4; lastKnownFileType = sourcecode.swift; path = GameOptions.swift; sourceTree = "<group>"; };
		6204E84B244B73F3001F4ECF /* ScoreCell.swift */ = {isa = PBXFileReference; fileEncoding = 4; lastKnownFileType = sourcecode.swift; path = ScoreCell.swift; sourceTree = "<group>"; };
		6204E84C244B73F3001F4ECF /* MenuOptions.swift */ = {isa = PBXFileReference; fileEncoding = 4; lastKnownFileType = sourcecode.swift; path = MenuOptions.swift; sourceTree = "<group>"; };
		6204E851244B73FD001F4ECF /* sudoku_timer.png */ = {isa = PBXFileReference; lastKnownFileType = image.png; path = sudoku_timer.png; sourceTree = "<group>"; };
		6204E852244B73FD001F4ECF /* clouds.jpg */ = {isa = PBXFileReference; lastKnownFileType = image.jpeg; path = clouds.jpg; sourceTree = "<group>"; };
		6204E853244B73FD001F4ECF /* watercolor.jpg */ = {isa = PBXFileReference; lastKnownFileType = image.jpeg; path = watercolor.jpg; sourceTree = "<group>"; };
		6204E854244B73FD001F4ECF /* sudoku_normal.png */ = {isa = PBXFileReference; lastKnownFileType = image.png; path = sudoku_normal.png; sourceTree = "<group>"; };
		6204E855244B73FD001F4ECF /* sudoku_killer.png */ = {isa = PBXFileReference; lastKnownFileType = image.png; path = sudoku_killer.png; sourceTree = "<group>"; };
		6204E85B244B7418001F4ECF /* MenuOptionsViewController.swift */ = {isa = PBXFileReference; fileEncoding = 4; lastKnownFileType = sourcecode.swift; path = MenuOptionsViewController.swift; sourceTree = "<group>"; };
		6204E85C244B7418001F4ECF /* InstructionsViewController.swift */ = {isa = PBXFileReference; fileEncoding = 4; lastKnownFileType = sourcecode.swift; path = InstructionsViewController.swift; sourceTree = "<group>"; };
		6204E85D244B7418001F4ECF /* HighScoreViewController.swift */ = {isa = PBXFileReference; fileEncoding = 4; lastKnownFileType = sourcecode.swift; path = HighScoreViewController.swift; sourceTree = "<group>"; };
		621592E6241552DE0076A283 /* FirebaseCore.framework */ = {isa = PBXFileReference; explicitFileType = wrapper.framework; path = FirebaseCore.framework; sourceTree = BUILT_PRODUCTS_DIR; };
		621592E8241552DE0076A283 /* FirebaseCoreDiagnostics.framework */ = {isa = PBXFileReference; explicitFileType = wrapper.framework; path = FirebaseCoreDiagnostics.framework; sourceTree = BUILT_PRODUCTS_DIR; };
		621592EA241552DE0076A283 /* FirebaseInstallations.framework */ = {isa = PBXFileReference; explicitFileType = wrapper.framework; path = FirebaseInstallations.framework; sourceTree = BUILT_PRODUCTS_DIR; };
		6262BBDF2443BBEC00ECEBCF /* GameViewController.swift */ = {isa = PBXFileReference; lastKnownFileType = sourcecode.swift; path = GameViewController.swift; sourceTree = "<group>"; };
		6262BBE22444D3ED00ECEBCF /* GameOptionsViewController.swift */ = {isa = PBXFileReference; lastKnownFileType = sourcecode.swift; path = GameOptionsViewController.swift; sourceTree = "<group>"; };
		62C240F52412AC370092A3E9 /* FirebaseAPI.swift */ = {isa = PBXFileReference; fileEncoding = 4; lastKnownFileType = sourcecode.swift; path = FirebaseAPI.swift; sourceTree = "<group>"; };
		62C240F72412AC370092A3E9 /* Player.swift */ = {isa = PBXFileReference; fileEncoding = 4; lastKnownFileType = sourcecode.swift; path = Player.swift; sourceTree = "<group>"; };
		62C24130241544D00092A3E9 /* GoogleService-Info.plist */ = {isa = PBXFileReference; fileEncoding = 4; lastKnownFileType = text.plist.xml; path = "GoogleService-Info.plist"; sourceTree = SOURCE_ROOT; };
		7BCE4EE8C0A93C912D20CD5A /* Pods-SudokuIOS.release.xcconfig */ = {isa = PBXFileReference; includeInIndex = 1; lastKnownFileType = text.xcconfig; name = "Pods-SudokuIOS.release.xcconfig"; path = "Target Support Files/Pods-SudokuIOS/Pods-SudokuIOS.release.xcconfig"; sourceTree = "<group>"; };
		AE7337F5240F588A004AC3F6 /* SudokuIOS.app */ = {isa = PBXFileReference; explicitFileType = wrapper.application; includeInIndex = 0; path = SudokuIOS.app; sourceTree = BUILT_PRODUCTS_DIR; };
		AE7337F8240F588A004AC3F6 /* AppDelegate.swift */ = {isa = PBXFileReference; lastKnownFileType = sourcecode.swift; path = AppDelegate.swift; sourceTree = "<group>"; };
		AE7337FA240F588A004AC3F6 /* ViewController.swift */ = {isa = PBXFileReference; lastKnownFileType = sourcecode.swift; path = ViewController.swift; sourceTree = "<group>"; };
		AE7337FD240F588A004AC3F6 /* Base */ = {isa = PBXFileReference; lastKnownFileType = file.storyboard; name = Base; path = Base.lproj/Main.storyboard; sourceTree = "<group>"; };
		AE7337FF240F588B004AC3F6 /* Assets.xcassets */ = {isa = PBXFileReference; lastKnownFileType = folder.assetcatalog; path = Assets.xcassets; sourceTree = "<group>"; };
		AE733802240F588B004AC3F6 /* Base */ = {isa = PBXFileReference; lastKnownFileType = file.storyboard; name = Base; path = Base.lproj/LaunchScreen.storyboard; sourceTree = "<group>"; };
		AE733804240F588B004AC3F6 /* Info.plist */ = {isa = PBXFileReference; lastKnownFileType = text.plist.xml; path = Info.plist; sourceTree = "<group>"; };
		AE73380E240F5943004AC3F6 /* Game.swift */ = {isa = PBXFileReference; lastKnownFileType = sourcecode.swift; path = Game.swift; sourceTree = "<group>"; };
		AE733810240F59F2004AC3F6 /* User.swift */ = {isa = PBXFileReference; lastKnownFileType = sourcecode.swift; path = User.swift; sourceTree = "<group>"; };
		AE733812240F5D88004AC3F6 /* Board.swift */ = {isa = PBXFileReference; lastKnownFileType = sourcecode.swift; path = Board.swift; sourceTree = "<group>"; };
		AE7338342415403C004AC3F6 /* BoardSegment.swift */ = {isa = PBXFileReference; lastKnownFileType = sourcecode.swift; path = BoardSegment.swift; sourceTree = "<group>"; };
		E6FBDD0E3047E94ED87122B5 /* Pods_SudokuIOS.framework */ = {isa = PBXFileReference; explicitFileType = wrapper.framework; includeInIndex = 0; path = Pods_SudokuIOS.framework; sourceTree = BUILT_PRODUCTS_DIR; };
/* End PBXFileReference section */

/* Begin PBXFrameworksBuildPhase section */
		AE7337F2240F588A004AC3F6 /* Frameworks */ = {
			isa = PBXFrameworksBuildPhase;
			buildActionMask = 2147483647;
			files = (
				621592E7241552DE0076A283 /* FirebaseCore.framework in Frameworks */,
				621592E9241552DE0076A283 /* FirebaseCoreDiagnostics.framework in Frameworks */,
				621592EB241552DE0076A283 /* FirebaseInstallations.framework in Frameworks */,
				EC9798137034F96A330E5F27 /* Pods_SudokuIOS.framework in Frameworks */,
			);
			runOnlyForDeploymentPostprocessing = 0;
		};
/* End PBXFrameworksBuildPhase section */

/* Begin PBXGroup section */
		08988CB0C27CB4C7FC919D08 /* Frameworks */ = {
			isa = PBXGroup;
			children = (
				621592E6241552DE0076A283 /* FirebaseCore.framework */,
				621592E8241552DE0076A283 /* FirebaseCoreDiagnostics.framework */,
				621592EA241552DE0076A283 /* FirebaseInstallations.framework */,
				E6FBDD0E3047E94ED87122B5 /* Pods_SudokuIOS.framework */,
			);
			name = Frameworks;
			sourceTree = "<group>";
		};
		6204E843244B7103001F4ECF /* Sounds */ = {
			isa = PBXGroup;
			children = (
				6204E844244B7117001F4ECF /* puzzle_music.mp3 */,
			);
			path = Sounds;
			sourceTree = "<group>";
		};
		6204E846244B7124001F4ECF /* Database */ = {
			isa = PBXGroup;
			children = (
				6204E847244B73E5001F4ECF /* ProjectDatabase.db */,
			);
			path = Database;
			sourceTree = "<group>";
		};
		6F4ACDB196829A1C8C79BDF0 /* Pods */ = {
			isa = PBXGroup;
			children = (
				5645C9EB764F27E9566AFA71 /* Pods-SudokuIOS.debug.xcconfig */,
				7BCE4EE8C0A93C912D20CD5A /* Pods-SudokuIOS.release.xcconfig */,
			);
			path = Pods;
			sourceTree = "<group>";
		};
		AE7337EC240F588A004AC3F6 = {
			isa = PBXGroup;
			children = (
				6204E846244B7124001F4ECF /* Database */,
				6204E843244B7103001F4ECF /* Sounds */,
				AE73380D240F58DD004AC3F6 /* Classes */,
				AE73380C240F58D5004AC3F6 /* Images */,
				AE73380B240F58C2004AC3F6 /* Controllers */,
				AE73380A240F58A4004AC3F6 /* Storyboards */,
				AE7337F7240F588A004AC3F6 /* SudokuIOS */,
				AE7337F6240F588A004AC3F6 /* Products */,
				6F4ACDB196829A1C8C79BDF0 /* Pods */,
				08988CB0C27CB4C7FC919D08 /* Frameworks */,
			);
			sourceTree = "<group>";
		};
		AE7337F6240F588A004AC3F6 /* Products */ = {
			isa = PBXGroup;
			children = (
				AE7337F5240F588A004AC3F6 /* SudokuIOS.app */,
			);
			name = Products;
			sourceTree = "<group>";
		};
		AE7337F7240F588A004AC3F6 /* SudokuIOS */ = {
			isa = PBXGroup;
			children = (
				62C24130241544D00092A3E9 /* GoogleService-Info.plist */,
				AE7337F8240F588A004AC3F6 /* AppDelegate.swift */,
				AE7337FF240F588B004AC3F6 /* Assets.xcassets */,
				AE733804240F588B004AC3F6 /* Info.plist */,
			);
			path = SudokuIOS;
			sourceTree = "<group>";
		};
		AE73380A240F58A4004AC3F6 /* Storyboards */ = {
			isa = PBXGroup;
			children = (
				AE7337FC240F588A004AC3F6 /* Main.storyboard */,
				AE733801240F588B004AC3F6 /* LaunchScreen.storyboard */,
			);
			path = Storyboards;
			sourceTree = "<group>";
		};
		AE73380B240F58C2004AC3F6 /* Controllers */ = {
			isa = PBXGroup;
			children = (
				6204E85D244B7418001F4ECF /* HighScoreViewController.swift */,
				6204E85C244B7418001F4ECF /* InstructionsViewController.swift */,
				6204E85B244B7418001F4ECF /* MenuOptionsViewController.swift */,
				AE7337FA240F588A004AC3F6 /* ViewController.swift */,
				6262BBDF2443BBEC00ECEBCF /* GameViewController.swift */,
				6262BBE22444D3ED00ECEBCF /* GameOptionsViewController.swift */,
			);
			path = Controllers;
			sourceTree = "<group>";
		};
		AE73380C240F58D5004AC3F6 /* Images */ = {
			isa = PBXGroup;
			children = (
				6204E852244B73FD001F4ECF /* clouds.jpg */,
				6204E855244B73FD001F4ECF /* sudoku_killer.png */,
				6204E854244B73FD001F4ECF /* sudoku_normal.png */,
				6204E851244B73FD001F4ECF /* sudoku_timer.png */,
				6204E853244B73FD001F4ECF /* watercolor.jpg */,
			);
			path = Images;
			sourceTree = "<group>";
		};
		AE73380D240F58DD004AC3F6 /* Classes */ = {
			isa = PBXGroup;
			children = (
				6204E84A244B73F3001F4ECF /* GameOptions.swift */,
				6204E84C244B73F3001F4ECF /* MenuOptions.swift */,
				6204E849244B73F3001F4ECF /* MyData.swift */,
				6204E84B244B73F3001F4ECF /* ScoreCell.swift */,
				62C240F52412AC370092A3E9 /* FirebaseAPI.swift */,
				62C240F72412AC370092A3E9 /* Player.swift */,
				AE73380E240F5943004AC3F6 /* Game.swift */,
				AE733810240F59F2004AC3F6 /* User.swift */,
				AE733812240F5D88004AC3F6 /* Board.swift */,
				AE7338342415403C004AC3F6 /* BoardSegment.swift */,
			);
			path = Classes;
			sourceTree = "<group>";
		};
/* End PBXGroup section */

/* Begin PBXNativeTarget section */
		AE7337F4240F588A004AC3F6 /* SudokuIOS */ = {
			isa = PBXNativeTarget;
			buildConfigurationList = AE733807240F588B004AC3F6 /* Build configuration list for PBXNativeTarget "SudokuIOS" */;
			buildPhases = (
				0B1AC50886A06822BA6548C4 /* [CP] Check Pods Manifest.lock */,
				AE7337F1240F588A004AC3F6 /* Sources */,
				AE7337F2240F588A004AC3F6 /* Frameworks */,
				AE7337F3240F588A004AC3F6 /* Resources */,
				E75AE3E1945F73E6B614CD22 /* [CP] Embed Pods Frameworks */,
				62DD7B71244B9B3200043289 /* ShellScript */,
			);
			buildRules = (
			);
			dependencies = (
			);
			name = SudokuIOS;
			productName = SudokuIOS;
			productReference = AE7337F5240F588A004AC3F6 /* SudokuIOS.app */;
			productType = "com.apple.product-type.application";
		};
/* End PBXNativeTarget section */

/* Begin PBXProject section */
		AE7337ED240F588A004AC3F6 /* Project object */ = {
			isa = PBXProject;
			attributes = {
				LastSwiftUpdateCheck = 1030;
				LastUpgradeCheck = 1030;
				ORGANIZATIONNAME = "Xcode User";
				TargetAttributes = {
					AE7337F4240F588A004AC3F6 = {
						CreatedOnToolsVersion = 10.3;
					};
				};
			};
			buildConfigurationList = AE7337F0240F588A004AC3F6 /* Build configuration list for PBXProject "SudokuIOS" */;
			compatibilityVersion = "Xcode 9.3";
			developmentRegion = en;
			hasScannedForEncodings = 0;
			knownRegions = (
				en,
				Base,
			);
			mainGroup = AE7337EC240F588A004AC3F6;
			productRefGroup = AE7337F6240F588A004AC3F6 /* Products */;
			projectDirPath = "";
			projectRoot = "";
			targets = (
				AE7337F4240F588A004AC3F6 /* SudokuIOS */,
			);
		};
/* End PBXProject section */

/* Begin PBXResourcesBuildPhase section */
		AE7337F3240F588A004AC3F6 /* Resources */ = {
			isa = PBXResourcesBuildPhase;
			buildActionMask = 2147483647;
			files = (
				AE733803240F588B004AC3F6 /* LaunchScreen.storyboard in Resources */,
				62C24131241544D00092A3E9 /* GoogleService-Info.plist in Resources */,
				6204E848244B73E5001F4ECF /* ProjectDatabase.db in Resources */,
				6204E857244B73FD001F4ECF /* clouds.jpg in Resources */,
				6204E858244B73FD001F4ECF /* watercolor.jpg in Resources */,
				6204E859244B73FD001F4ECF /* sudoku_normal.png in Resources */,
				AE733800240F588B004AC3F6 /* Assets.xcassets in Resources */,
				AE7337FE240F588A004AC3F6 /* Main.storyboard in Resources */,
				6204E856244B73FD001F4ECF /* sudoku_timer.png in Resources */,
				6204E85A244B73FD001F4ECF /* sudoku_killer.png in Resources */,
				6204E845244B7117001F4ECF /* puzzle_music.mp3 in Resources */,
			);
			runOnlyForDeploymentPostprocessing = 0;
		};
/* End PBXResourcesBuildPhase section */

/* Begin PBXShellScriptBuildPhase section */
		0B1AC50886A06822BA6548C4 /* [CP] Check Pods Manifest.lock */ = {
			isa = PBXShellScriptBuildPhase;
			buildActionMask = 2147483647;
			files = (
			);
			inputFileListPaths = (
			);
			inputPaths = (
				"${PODS_PODFILE_DIR_PATH}/Podfile.lock",
				"${PODS_ROOT}/Manifest.lock",
			);
			name = "[CP] Check Pods Manifest.lock";
			outputFileListPaths = (
			);
			outputPaths = (
				"$(DERIVED_FILE_DIR)/Pods-SudokuIOS-checkManifestLockResult.txt",
			);
			runOnlyForDeploymentPostprocessing = 0;
			shellPath = /bin/sh;
			shellScript = "diff \"${PODS_PODFILE_DIR_PATH}/Podfile.lock\" \"${PODS_ROOT}/Manifest.lock\" > /dev/null\nif [ $? != 0 ] ; then\n    # print error to STDERR\n    echo \"error: The sandbox is not in sync with the Podfile.lock. Run 'pod install' or update your CocoaPods installation.\" >&2\n    exit 1\nfi\n# This output is used by Xcode 'outputs' to avoid re-running this script phase.\necho \"SUCCESS\" > \"${SCRIPT_OUTPUT_FILE_0}\"\n";
			showEnvVarsInLog = 0;
		};
		62DD7B71244B9B3200043289 /* ShellScript */ = {
			isa = PBXShellScriptBuildPhase;
			buildActionMask = 2147483647;
			files = (
			);
			inputFileListPaths = (
			);
			inputPaths = (
				"$(SRCROOT)/$(BUILT_PRODUCTS_DIR)/$(INFOPLIST_PATH)",
				"${DWARF_DSYM_FOLDER_PATH}/${DWARF_DSYM_FILE_NAME}/Contents/Resources/DWARF/${TARGET_NAME}",
			);
			outputFileListPaths = (
			);
			outputPaths = (
			);
			runOnlyForDeploymentPostprocessing = 0;
			shellPath = /bin/sh;
			shellScript = "# Run Firebase Crashlytics\n\"${PODS_ROOT}/FirebaseCrashlytics/run\"\n";
		};
		E75AE3E1945F73E6B614CD22 /* [CP] Embed Pods Frameworks */ = {
			isa = PBXShellScriptBuildPhase;
			buildActionMask = 2147483647;
			files = (
			);
			inputFileListPaths = (
				"${PODS_ROOT}/Target Support Files/Pods-SudokuIOS/Pods-SudokuIOS-frameworks-${CONFIGURATION}-input-files.xcfilelist",
			);
			name = "[CP] Embed Pods Frameworks";
			outputFileListPaths = (
				"${PODS_ROOT}/Target Support Files/Pods-SudokuIOS/Pods-SudokuIOS-frameworks-${CONFIGURATION}-output-files.xcfilelist",
			);
			runOnlyForDeploymentPostprocessing = 0;
			shellPath = /bin/sh;
			shellScript = "\"${PODS_ROOT}/Target Support Files/Pods-SudokuIOS/Pods-SudokuIOS-frameworks.sh\"\n";
			showEnvVarsInLog = 0;
		};
/* End PBXShellScriptBuildPhase section */

/* Begin PBXSourcesBuildPhase section */
		AE7337F1240F588A004AC3F6 /* Sources */ = {
			isa = PBXSourcesBuildPhase;
			buildActionMask = 2147483647;
			files = (
				6262BBE02443BBEC00ECEBCF /* GameViewController.swift in Sources */,
				6204E85F244B7418001F4ECF /* InstructionsViewController.swift in Sources */,
				AE733811240F59F2004AC3F6 /* User.swift in Sources */,
				6204E850244B73F3001F4ECF /* MenuOptions.swift in Sources */,
				62C240F82412AC370092A3E9 /* FirebaseAPI.swift in Sources */,
				6204E84D244B73F3001F4ECF /* MyData.swift in Sources */,
				6204E84F244B73F3001F4ECF /* ScoreCell.swift in Sources */,
				6204E84E244B73F3001F4ECF /* GameOptions.swift in Sources */,
				AE7337FB240F588A004AC3F6 /* ViewController.swift in Sources */,
				62C240FA2412AC370092A3E9 /* Player.swift in Sources */,
				6204E85E244B7418001F4ECF /* MenuOptionsViewController.swift in Sources */,
				AE733813240F5D88004AC3F6 /* Board.swift in Sources */,
				AE73380F240F5943004AC3F6 /* Game.swift in Sources */,
				6262BBE32444D3ED00ECEBCF /* GameOptionsViewController.swift in Sources */,
				AE7338352415403C004AC3F6 /* BoardSegment.swift in Sources */,
				AE7337F9240F588A004AC3F6 /* AppDelegate.swift in Sources */,
				6204E860244B7418001F4ECF /* HighScoreViewController.swift in Sources */,
			);
			runOnlyForDeploymentPostprocessing = 0;
		};
/* End PBXSourcesBuildPhase section */

/* Begin PBXVariantGroup section */
		AE7337FC240F588A004AC3F6 /* Main.storyboard */ = {
			isa = PBXVariantGroup;
			children = (
				AE7337FD240F588A004AC3F6 /* Base */,
			);
			name = Main.storyboard;
			sourceTree = "<group>";
		};
		AE733801240F588B004AC3F6 /* LaunchScreen.storyboard */ = {
			isa = PBXVariantGroup;
			children = (
				AE733802240F588B004AC3F6 /* Base */,
			);
			name = LaunchScreen.storyboard;
			sourceTree = "<group>";
		};
/* End PBXVariantGroup section */

/* Begin XCBuildConfiguration section */
		AE733805240F588B004AC3F6 /* Debug */ = {
			isa = XCBuildConfiguration;
			buildSettings = {
				ALWAYS_SEARCH_USER_PATHS = NO;
				CLANG_ANALYZER_NONNULL = YES;
				CLANG_ANALYZER_NUMBER_OBJECT_CONVERSION = YES_AGGRESSIVE;
				CLANG_CXX_LANGUAGE_STANDARD = "gnu++14";
				CLANG_CXX_LIBRARY = "libc++";
				CLANG_ENABLE_MODULES = YES;
				CLANG_ENABLE_OBJC_ARC = YES;
				CLANG_ENABLE_OBJC_WEAK = YES;
				CLANG_WARN_BLOCK_CAPTURE_AUTORELEASING = YES;
				CLANG_WARN_BOOL_CONVERSION = YES;
				CLANG_WARN_COMMA = YES;
				CLANG_WARN_CONSTANT_CONVERSION = YES;
				CLANG_WARN_DEPRECATED_OBJC_IMPLEMENTATIONS = YES;
				CLANG_WARN_DIRECT_OBJC_ISA_USAGE = YES_ERROR;
				CLANG_WARN_DOCUMENTATION_COMMENTS = YES;
				CLANG_WARN_EMPTY_BODY = YES;
				CLANG_WARN_ENUM_CONVERSION = YES;
				CLANG_WARN_INFINITE_RECURSION = YES;
				CLANG_WARN_INT_CONVERSION = YES;
				CLANG_WARN_NON_LITERAL_NULL_CONVERSION = YES;
				CLANG_WARN_OBJC_IMPLICIT_RETAIN_SELF = YES;
				CLANG_WARN_OBJC_LITERAL_CONVERSION = YES;
				CLANG_WARN_OBJC_ROOT_CLASS = YES_ERROR;
				CLANG_WARN_RANGE_LOOP_ANALYSIS = YES;
				CLANG_WARN_STRICT_PROTOTYPES = YES;
				CLANG_WARN_SUSPICIOUS_MOVE = YES;
				CLANG_WARN_UNGUARDED_AVAILABILITY = YES_AGGRESSIVE;
				CLANG_WARN_UNREACHABLE_CODE = YES;
				CLANG_WARN__DUPLICATE_METHOD_MATCH = YES;
				CODE_SIGN_IDENTITY = "iPhone Developer";
				COPY_PHASE_STRIP = NO;
				DEBUG_INFORMATION_FORMAT = dwarf;
				ENABLE_STRICT_OBJC_MSGSEND = YES;
				ENABLE_TESTABILITY = YES;
				GCC_C_LANGUAGE_STANDARD = gnu11;
				GCC_DYNAMIC_NO_PIC = NO;
				GCC_NO_COMMON_BLOCKS = YES;
				GCC_OPTIMIZATION_LEVEL = 0;
				GCC_PREPROCESSOR_DEFINITIONS = (
					"DEBUG=1",
					"$(inherited)",
				);
				GCC_WARN_64_TO_32_BIT_CONVERSION = YES;
				GCC_WARN_ABOUT_RETURN_TYPE = YES_ERROR;
				GCC_WARN_UNDECLARED_SELECTOR = YES;
				GCC_WARN_UNINITIALIZED_AUTOS = YES_AGGRESSIVE;
				GCC_WARN_UNUSED_FUNCTION = YES;
				GCC_WARN_UNUSED_VARIABLE = YES;
				IPHONEOS_DEPLOYMENT_TARGET = 12.4;
				MTL_ENABLE_DEBUG_INFO = INCLUDE_SOURCE;
				MTL_FAST_MATH = YES;
				ONLY_ACTIVE_ARCH = YES;
				SDKROOT = iphoneos;
				SWIFT_ACTIVE_COMPILATION_CONDITIONS = DEBUG;
				SWIFT_OPTIMIZATION_LEVEL = "-Onone";
			};
			name = Debug;
		};
		AE733806240F588B004AC3F6 /* Release */ = {
			isa = XCBuildConfiguration;
			buildSettings = {
				ALWAYS_SEARCH_USER_PATHS = NO;
				CLANG_ANALYZER_NONNULL = YES;
				CLANG_ANALYZER_NUMBER_OBJECT_CONVERSION = YES_AGGRESSIVE;
				CLANG_CXX_LANGUAGE_STANDARD = "gnu++14";
				CLANG_CXX_LIBRARY = "libc++";
				CLANG_ENABLE_MODULES = YES;
				CLANG_ENABLE_OBJC_ARC = YES;
				CLANG_ENABLE_OBJC_WEAK = YES;
				CLANG_WARN_BLOCK_CAPTURE_AUTORELEASING = YES;
				CLANG_WARN_BOOL_CONVERSION = YES;
				CLANG_WARN_COMMA = YES;
				CLANG_WARN_CONSTANT_CONVERSION = YES;
				CLANG_WARN_DEPRECATED_OBJC_IMPLEMENTATIONS = YES;
				CLANG_WARN_DIRECT_OBJC_ISA_USAGE = YES_ERROR;
				CLANG_WARN_DOCUMENTATION_COMMENTS = YES;
				CLANG_WARN_EMPTY_BODY = YES;
				CLANG_WARN_ENUM_CONVERSION = YES;
				CLANG_WARN_INFINITE_RECURSION = YES;
				CLANG_WARN_INT_CONVERSION = YES;
				CLANG_WARN_NON_LITERAL_NULL_CONVERSION = YES;
				CLANG_WARN_OBJC_IMPLICIT_RETAIN_SELF = YES;
				CLANG_WARN_OBJC_LITERAL_CONVERSION = YES;
				CLANG_WARN_OBJC_ROOT_CLASS = YES_ERROR;
				CLANG_WARN_RANGE_LOOP_ANALYSIS = YES;
				CLANG_WARN_STRICT_PROTOTYPES = YES;
				CLANG_WARN_SUSPICIOUS_MOVE = YES;
				CLANG_WARN_UNGUARDED_AVAILABILITY = YES_AGGRESSIVE;
				CLANG_WARN_UNREACHABLE_CODE = YES;
				CLANG_WARN__DUPLICATE_METHOD_MATCH = YES;
				CODE_SIGN_IDENTITY = "iPhone Developer";
				COPY_PHASE_STRIP = NO;
				DEBUG_INFORMATION_FORMAT = "dwarf-with-dsym";
				ENABLE_NS_ASSERTIONS = NO;
				ENABLE_STRICT_OBJC_MSGSEND = YES;
				GCC_C_LANGUAGE_STANDARD = gnu11;
				GCC_NO_COMMON_BLOCKS = YES;
				GCC_WARN_64_TO_32_BIT_CONVERSION = YES;
				GCC_WARN_ABOUT_RETURN_TYPE = YES_ERROR;
				GCC_WARN_UNDECLARED_SELECTOR = YES;
				GCC_WARN_UNINITIALIZED_AUTOS = YES_AGGRESSIVE;
				GCC_WARN_UNUSED_FUNCTION = YES;
				GCC_WARN_UNUSED_VARIABLE = YES;
				IPHONEOS_DEPLOYMENT_TARGET = 12.4;
				MTL_ENABLE_DEBUG_INFO = NO;
				MTL_FAST_MATH = YES;
				SDKROOT = iphoneos;
				SWIFT_COMPILATION_MODE = wholemodule;
				SWIFT_OPTIMIZATION_LEVEL = "-O";
				VALIDATE_PRODUCT = YES;
			};
			name = Release;
		};
		AE733808240F588B004AC3F6 /* Debug */ = {
			isa = XCBuildConfiguration;
			baseConfigurationReference = 5645C9EB764F27E9566AFA71 /* Pods-SudokuIOS.debug.xcconfig */;
			buildSettings = {
				ASSETCATALOG_COMPILER_APPICON_NAME = AppIcon;
				CODE_SIGN_STYLE = Automatic;
				INFOPLIST_FILE = SudokuIOS/Info.plist;
				IPHONEOS_DEPLOYMENT_TARGET = 12.2;
				LD_RUNPATH_SEARCH_PATHS = (
					"$(inherited)",
					"@executable_path/Frameworks",
				);
				PRODUCT_BUNDLE_IDENTIFIER = com.gti.SudokuIOS;
				PRODUCT_NAME = "$(TARGET_NAME)";
				SWIFT_VERSION = 5.0;
				TARGETED_DEVICE_FAMILY = "1,2";
			};
			name = Debug;
		};
		AE733809240F588B004AC3F6 /* Release */ = {
			isa = XCBuildConfiguration;
			baseConfigurationReference = 7BCE4EE8C0A93C912D20CD5A /* Pods-SudokuIOS.release.xcconfig */;
			buildSettings = {
				ASSETCATALOG_COMPILER_APPICON_NAME = AppIcon;
				CODE_SIGN_STYLE = Automatic;
				INFOPLIST_FILE = SudokuIOS/Info.plist;
				IPHONEOS_DEPLOYMENT_TARGET = 12.2;
				LD_RUNPATH_SEARCH_PATHS = (
					"$(inherited)",
					"@executable_path/Frameworks",
				);
				PRODUCT_BUNDLE_IDENTIFIER = com.gti.SudokuIOS;
				PRODUCT_NAME = "$(TARGET_NAME)";
				SWIFT_VERSION = 5.0;
				TARGETED_DEVICE_FAMILY = "1,2";
			};
			name = Release;
		};
/* End XCBuildConfiguration section */

/* Begin XCConfigurationList section */
		AE7337F0240F588A004AC3F6 /* Build configuration list for PBXProject "SudokuIOS" */ = {
			isa = XCConfigurationList;
			buildConfigurations = (
				AE733805240F588B004AC3F6 /* Debug */,
				AE733806240F588B004AC3F6 /* Release */,
			);
			defaultConfigurationIsVisible = 0;
			defaultConfigurationName = Release;
		};
		AE733807240F588B004AC3F6 /* Build configuration list for PBXNativeTarget "SudokuIOS" */ = {
			isa = XCConfigurationList;
			buildConfigurations = (
				AE733808240F588B004AC3F6 /* Debug */,
				AE733809240F588B004AC3F6 /* Release */,
			);
			defaultConfigurationIsVisible = 0;
			defaultConfigurationName = Release;
		};
/* End XCConfigurationList section */
	};
	rootObject = AE7337ED240F588A004AC3F6 /* Project object */;
}
