// !$*UTF8*$!
{
	archiveVersion = 1;
	classes = {
	};
	objectVersion = 50;
	objects = {

/* Begin PBXBuildFile section */
		AE1B6176244774A600023D05 /* AppDelegate.swift in Sources */ = {isa = PBXBuildFile; fileRef = AE1B6142244764A600023D05 /* AppDelegate.swift */; };
		AE1B6177244774B100023D05 /* ViewController.swift in Sources */ = {isa = PBXBuildFile; fileRef = AE1B61672447685F00023D05 /* ViewController.swift */; };
		AE1B6178244774B100023D05 /* Board.swift in Sources */ = {isa = PBXBuildFile; fileRef = AE1B615D244767A200023D05 /* Board.swift */; };
		AE1B6179244774B100023D05 /* BoardSegment.swift in Sources */ = {isa = PBXBuildFile; fileRef = AE1B615F244767A200023D05 /* BoardSegment.swift */; };
		AE1B617A244774B100023D05 /* Game.swift in Sources */ = {isa = PBXBuildFile; fileRef = AE1B615E244767A200023D05 /* Game.swift */; };
		AE1B617B244774B100023D05 /* Player.swift in Sources */ = {isa = PBXBuildFile; fileRef = AE1B6160244767A200023D05 /* Player.swift */; };
		AE1B617C244774C000023D05 /* Main.storyboard in Resources */ = {isa = PBXBuildFile; fileRef = AE1B6146244764A600023D05 /* Main.storyboard */; };
		AE1B617D244774C000023D05 /* LaunchScreen.storyboard in Resources */ = {isa = PBXBuildFile; fileRef = AE1B614B244764A900023D05 /* LaunchScreen.storyboard */; };
		AE1B617E244774C000023D05 /* Assets.xcassets in Resources */ = {isa = PBXBuildFile; fileRef = AE1B6149244764A900023D05 /* Assets.xcassets */; };
		AE1B618024479E0800023D05 /* MainPageController.swift in Sources */ = {isa = PBXBuildFile; fileRef = AE1B617F24479E0800023D05 /* MainPageController.swift */; };
/* End PBXBuildFile section */

/* Begin PBXFileReference section */
		AE1B613F244764A600023D05 /* SudokuGame.app */ = {isa = PBXFileReference; explicitFileType = wrapper.application; includeInIndex = 0; path = SudokuGame.app; sourceTree = BUILT_PRODUCTS_DIR; };
		AE1B6142244764A600023D05 /* AppDelegate.swift */ = {isa = PBXFileReference; lastKnownFileType = sourcecode.swift; path = AppDelegate.swift; sourceTree = "<group>"; };
		AE1B6147244764A600023D05 /* Base */ = {isa = PBXFileReference; lastKnownFileType = file.storyboard; name = Base; path = Base.lproj/Main.storyboard; sourceTree = "<group>"; };
		AE1B6149244764A900023D05 /* Assets.xcassets */ = {isa = PBXFileReference; lastKnownFileType = folder.assetcatalog; path = Assets.xcassets; sourceTree = "<group>"; };
		AE1B614C244764A900023D05 /* Base */ = {isa = PBXFileReference; lastKnownFileType = file.storyboard; name = Base; path = Base.lproj/LaunchScreen.storyboard; sourceTree = "<group>"; };
		AE1B614E244764A900023D05 /* Info.plist */ = {isa = PBXFileReference; lastKnownFileType = text.plist.xml; path = Info.plist; sourceTree = "<group>"; };
		AE1B615D244767A200023D05 /* Board.swift */ = {isa = PBXFileReference; fileEncoding = 4; lastKnownFileType = sourcecode.swift; path = Board.swift; sourceTree = "<group>"; };
		AE1B615E244767A200023D05 /* Game.swift */ = {isa = PBXFileReference; fileEncoding = 4; lastKnownFileType = sourcecode.swift; path = Game.swift; sourceTree = "<group>"; };
		AE1B615F244767A200023D05 /* BoardSegment.swift */ = {isa = PBXFileReference; fileEncoding = 4; lastKnownFileType = sourcecode.swift; path = BoardSegment.swift; sourceTree = "<group>"; };
		AE1B6160244767A200023D05 /* Player.swift */ = {isa = PBXFileReference; fileEncoding = 4; lastKnownFileType = sourcecode.swift; path = Player.swift; sourceTree = "<group>"; };
		AE1B61672447685F00023D05 /* ViewController.swift */ = {isa = PBXFileReference; fileEncoding = 4; lastKnownFileType = sourcecode.swift; path = ViewController.swift; sourceTree = "<group>"; };
		AE1B617F24479E0800023D05 /* MainPageController.swift */ = {isa = PBXFileReference; lastKnownFileType = sourcecode.swift; path = MainPageController.swift; sourceTree = "<group>"; };
/* End PBXFileReference section */

/* Begin PBXFrameworksBuildPhase section */
		AE1B613C244764A600023D05 /* Frameworks */ = {
			isa = PBXFrameworksBuildPhase;
			buildActionMask = 2147483647;
			files = (
			);
			runOnlyForDeploymentPostprocessing = 0;
		};
/* End PBXFrameworksBuildPhase section */

/* Begin PBXGroup section */
		AE1B6136244764A600023D05 = {
			isa = PBXGroup;
			children = (
				AE1B61692447688300023D05 /* Images */,
				AE1B61662447685700023D05 /* Controllers */,
				AE1B615C2447679200023D05 /* Classes */,
				AE1B615A2447651700023D05 /* storyboard */,
				AE1B6142244764A600023D05 /* AppDelegate.swift */,
				AE1B6149244764A900023D05 /* Assets.xcassets */,
				AE1B614E244764A900023D05 /* Info.plist */,
				AE1B6140244764A600023D05 /* Products */,
			);
			sourceTree = "<group>";
		};
		AE1B6140244764A600023D05 /* Products */ = {
			isa = PBXGroup;
			children = (
				AE1B613F244764A600023D05 /* SudokuGame.app */,
			);
			name = Products;
			sourceTree = "<group>";
		};
		AE1B615A2447651700023D05 /* storyboard */ = {
			isa = PBXGroup;
			children = (
				AE1B6146244764A600023D05 /* Main.storyboard */,
				AE1B614B244764A900023D05 /* LaunchScreen.storyboard */,
			);
			path = storyboard;
			sourceTree = "<group>";
		};
		AE1B615C2447679200023D05 /* Classes */ = {
			isa = PBXGroup;
			children = (
				AE1B615D244767A200023D05 /* Board.swift */,
				AE1B615F244767A200023D05 /* BoardSegment.swift */,
				AE1B615E244767A200023D05 /* Game.swift */,
				AE1B6160244767A200023D05 /* Player.swift */,
			);
			path = Classes;
			sourceTree = "<group>";
		};
		AE1B61662447685700023D05 /* Controllers */ = {
			isa = PBXGroup;
			children = (
				AE1B61672447685F00023D05 /* ViewController.swift */,
				AE1B617F24479E0800023D05 /* MainPageController.swift */,
			);
			path = Controllers;
			sourceTree = "<group>";
		};
		AE1B61692447688300023D05 /* Images */ = {
			isa = PBXGroup;
			children = (
			);
			path = Images;
			sourceTree = "<group>";
		};
/* End PBXGroup section */

/* Begin PBXNativeTarget section */
		AE1B613E244764A600023D05 /* SudokuGame */ = {
			isa = PBXNativeTarget;
			buildConfigurationList = AE1B6151244764A900023D05 /* Build configuration list for PBXNativeTarget "SudokuGame" */;
			buildPhases = (
				AE1B613B244764A600023D05 /* Sources */,
				AE1B613C244764A600023D05 /* Frameworks */,
				AE1B613D244764A600023D05 /* Resources */,
			);
			buildRules = (
			);
			dependencies = (
			);
			name = SudokuGame;
			productName = SudokuGame;
			productReference = AE1B613F244764A600023D05 /* SudokuGame.app */;
			productType = "com.apple.product-type.application";
		};
/* End PBXNativeTarget section */

/* Begin PBXProject section */
		AE1B6137244764A600023D05 /* Project object */ = {
			isa = PBXProject;
			attributes = {
				LastSwiftUpdateCheck = 1030;
				LastUpgradeCheck = 1030;
				ORGANIZATIONNAME = "Xcode User";
				TargetAttributes = {
					AE1B613E244764A600023D05 = {
						CreatedOnToolsVersion = 10.3;
					};
				};
			};
			buildConfigurationList = AE1B613A244764A600023D05 /* Build configuration list for PBXProject "SudokuGame" */;
			compatibilityVersion = "Xcode 9.3";
			developmentRegion = en;
			hasScannedForEncodings = 0;
			knownRegions = (
				en,
				Base,
			);
			mainGroup = AE1B6136244764A600023D05;
			productRefGroup = AE1B6140244764A600023D05 /* Products */;
			projectDirPath = "";
			projectRoot = "";
			targets = (
				AE1B613E244764A600023D05 /* SudokuGame */,
			);
		};
/* End PBXProject section */

/* Begin PBXResourcesBuildPhase section */
		AE1B613D244764A600023D05 /* Resources */ = {
			isa = PBXResourcesBuildPhase;
			buildActionMask = 2147483647;
			files = (
				AE1B617C244774C000023D05 /* Main.storyboard in Resources */,
				AE1B617D244774C000023D05 /* LaunchScreen.storyboard in Resources */,
				AE1B617E244774C000023D05 /* Assets.xcassets in Resources */,
			);
			runOnlyForDeploymentPostprocessing = 0;
		};
/* End PBXResourcesBuildPhase section */

/* Begin PBXSourcesBuildPhase section */
		AE1B613B244764A600023D05 /* Sources */ = {
			isa = PBXSourcesBuildPhase;
			buildActionMask = 2147483647;
			files = (
				AE1B6177244774B100023D05 /* ViewController.swift in Sources */,
				AE1B6178244774B100023D05 /* Board.swift in Sources */,
				AE1B6179244774B100023D05 /* BoardSegment.swift in Sources */,
				AE1B618024479E0800023D05 /* MainPageController.swift in Sources */,
				AE1B617A244774B100023D05 /* Game.swift in Sources */,
				AE1B617B244774B100023D05 /* Player.swift in Sources */,
				AE1B6176244774A600023D05 /* AppDelegate.swift in Sources */,
			);
			runOnlyForDeploymentPostprocessing = 0;
		};
/* End PBXSourcesBuildPhase section */

/* Begin PBXVariantGroup section */
		AE1B6146244764A600023D05 /* Main.storyboard */ = {
			isa = PBXVariantGroup;
			children = (
				AE1B6147244764A600023D05 /* Base */,
			);
			name = Main.storyboard;
			sourceTree = "<group>";
		};
		AE1B614B244764A900023D05 /* LaunchScreen.storyboard */ = {
			isa = PBXVariantGroup;
			children = (
				AE1B614C244764A900023D05 /* Base */,
			);
			name = LaunchScreen.storyboard;
			sourceTree = "<group>";
		};
/* End PBXVariantGroup section */

/* Begin XCBuildConfiguration section */
		AE1B614F244764A900023D05 /* Debug */ = {
			isa = XCBuildConfiguration;
			buildSettings = {
				ALWAYS_SEARCH_USER_PATHS = NO;
				CLANG_ANALYZER_NONNULL = YES;
				CLANG_ANALYZER_NUMBER_OBJECT_CONVERSION = YES_AGGRESSIVE;
				CLANG_CXX_LANGUAGE_STANDARD = "gnu++14";
				CLANG_CXX_LIBRARY = "libc++";
				CLANG_ENABLE_MODULES = YES;
				CLANG_ENABLE_OBJC_ARC = YES;
				CLANG_ENABLE_OBJC_WEAK = YES;
				CLANG_WARN_BLOCK_CAPTURE_AUTORELEASING = YES;
				CLANG_WARN_BOOL_CONVERSION = YES;
				CLANG_WARN_COMMA = YES;
				CLANG_WARN_CONSTANT_CONVERSION = YES;
				CLANG_WARN_DEPRECATED_OBJC_IMPLEMENTATIONS = YES;
				CLANG_WARN_DIRECT_OBJC_ISA_USAGE = YES_ERROR;
				CLANG_WARN_DOCUMENTATION_COMMENTS = YES;
				CLANG_WARN_EMPTY_BODY = YES;
				CLANG_WARN_ENUM_CONVERSION = YES;
				CLANG_WARN_INFINITE_RECURSION = YES;
				CLANG_WARN_INT_CONVERSION = YES;
				CLANG_WARN_NON_LITERAL_NULL_CONVERSION = YES;
				CLANG_WARN_OBJC_IMPLICIT_RETAIN_SELF = YES;
				CLANG_WARN_OBJC_LITERAL_CONVERSION = YES;
				CLANG_WARN_OBJC_ROOT_CLASS = YES_ERROR;
				CLANG_WARN_RANGE_LOOP_ANALYSIS = YES;
				CLANG_WARN_STRICT_PROTOTYPES = YES;
				CLANG_WARN_SUSPICIOUS_MOVE = YES;
				CLANG_WARN_UNGUARDED_AVAILABILITY = YES_AGGRESSIVE;
				CLANG_WARN_UNREACHABLE_CODE = YES;
				CLANG_WARN__DUPLICATE_METHOD_MATCH = YES;
				CODE_SIGN_IDENTITY = "iPhone Developer";
				COPY_PHASE_STRIP = NO;
				DEBUG_INFORMATION_FORMAT = dwarf;
				ENABLE_STRICT_OBJC_MSGSEND = YES;
				ENABLE_TESTABILITY = YES;
				GCC_C_LANGUAGE_STANDARD = gnu11;
				GCC_DYNAMIC_NO_PIC = NO;
				GCC_NO_COMMON_BLOCKS = YES;
				GCC_OPTIMIZATION_LEVEL = 0;
				GCC_PREPROCESSOR_DEFINITIONS = (
					"DEBUG=1",
					"$(inherited)",
				);
				GCC_WARN_64_TO_32_BIT_CONVERSION = YES;
				GCC_WARN_ABOUT_RETURN_TYPE = YES_ERROR;
				GCC_WARN_UNDECLARED_SELECTOR = YES;
				GCC_WARN_UNINITIALIZED_AUTOS = YES_AGGRESSIVE;
				GCC_WARN_UNUSED_FUNCTION = YES;
				GCC_WARN_UNUSED_VARIABLE = YES;
				IPHONEOS_DEPLOYMENT_TARGET = 12.4;
				MTL_ENABLE_DEBUG_INFO = INCLUDE_SOURCE;
				MTL_FAST_MATH = YES;
				ONLY_ACTIVE_ARCH = YES;
				SDKROOT = iphoneos;
				SWIFT_ACTIVE_COMPILATION_CONDITIONS = DEBUG;
				SWIFT_OPTIMIZATION_LEVEL = "-Onone";
			};
			name = Debug;
		};
		AE1B6150244764A900023D05 /* Release */ = {
			isa = XCBuildConfiguration;
			buildSettings = {
				ALWAYS_SEARCH_USER_PATHS = NO;
				CLANG_ANALYZER_NONNULL = YES;
				CLANG_ANALYZER_NUMBER_OBJECT_CONVERSION = YES_AGGRESSIVE;
				CLANG_CXX_LANGUAGE_STANDARD = "gnu++14";
				CLANG_CXX_LIBRARY = "libc++";
				CLANG_ENABLE_MODULES = YES;
				CLANG_ENABLE_OBJC_ARC = YES;
				CLANG_ENABLE_OBJC_WEAK = YES;
				CLANG_WARN_BLOCK_CAPTURE_AUTORELEASING = YES;
				CLANG_WARN_BOOL_CONVERSION = YES;
				CLANG_WARN_COMMA = YES;
				CLANG_WARN_CONSTANT_CONVERSION = YES;
				CLANG_WARN_DEPRECATED_OBJC_IMPLEMENTATIONS = YES;
				CLANG_WARN_DIRECT_OBJC_ISA_USAGE = YES_ERROR;
				CLANG_WARN_DOCUMENTATION_COMMENTS = YES;
				CLANG_WARN_EMPTY_BODY = YES;
				CLANG_WARN_ENUM_CONVERSION = YES;
				CLANG_WARN_INFINITE_RECURSION = YES;
				CLANG_WARN_INT_CONVERSION = YES;
				CLANG_WARN_NON_LITERAL_NULL_CONVERSION = YES;
				CLANG_WARN_OBJC_IMPLICIT_RETAIN_SELF = YES;
				CLANG_WARN_OBJC_LITERAL_CONVERSION = YES;
				CLANG_WARN_OBJC_ROOT_CLASS = YES_ERROR;
				CLANG_WARN_RANGE_LOOP_ANALYSIS = YES;
				CLANG_WARN_STRICT_PROTOTYPES = YES;
				CLANG_WARN_SUSPICIOUS_MOVE = YES;
				CLANG_WARN_UNGUARDED_AVAILABILITY = YES_AGGRESSIVE;
				CLANG_WARN_UNREACHABLE_CODE = YES;
				CLANG_WARN__DUPLICATE_METHOD_MATCH = YES;
				CODE_SIGN_IDENTITY = "iPhone Developer";
				COPY_PHASE_STRIP = NO;
				DEBUG_INFORMATION_FORMAT = "dwarf-with-dsym";
				ENABLE_NS_ASSERTIONS = NO;
				ENABLE_STRICT_OBJC_MSGSEND = YES;
				GCC_C_LANGUAGE_STANDARD = gnu11;
				GCC_NO_COMMON_BLOCKS = YES;
				GCC_WARN_64_TO_32_BIT_CONVERSION = YES;
				GCC_WARN_ABOUT_RETURN_TYPE = YES_ERROR;
				GCC_WARN_UNDECLARED_SELECTOR = YES;
				GCC_WARN_UNINITIALIZED_AUTOS = YES_AGGRESSIVE;
				GCC_WARN_UNUSED_FUNCTION = YES;
				GCC_WARN_UNUSED_VARIABLE = YES;
				IPHONEOS_DEPLOYMENT_TARGET = 12.4;
				MTL_ENABLE_DEBUG_INFO = NO;
				MTL_FAST_MATH = YES;
				SDKROOT = iphoneos;
				SWIFT_COMPILATION_MODE = wholemodule;
				SWIFT_OPTIMIZATION_LEVEL = "-O";
				VALIDATE_PRODUCT = YES;
			};
			name = Release;
		};
		AE1B6152244764A900023D05 /* Debug */ = {
			isa = XCBuildConfiguration;
			buildSettings = {
				ASSETCATALOG_COMPILER_APPICON_NAME = AppIcon;
				CODE_SIGN_STYLE = Automatic;
				INFOPLIST_FILE = Info.plist;
				LD_RUNPATH_SEARCH_PATHS = (
					"$(inherited)",
					"@executable_path/Frameworks",
				);
				PRODUCT_BUNDLE_IDENTIFIER = com.sohaib.SudokuGame;
				PRODUCT_NAME = "${TARGET_NAME}";
				SWIFT_VERSION = 5.0;
				TARGETED_DEVICE_FAMILY = "1,2";
			};
			name = Debug;
		};
		AE1B6153244764A900023D05 /* Release */ = {
			isa = XCBuildConfiguration;
			buildSettings = {
				ASSETCATALOG_COMPILER_APPICON_NAME = AppIcon;
				CODE_SIGN_STYLE = Automatic;
				INFOPLIST_FILE = Info.plist;
				LD_RUNPATH_SEARCH_PATHS = (
					"$(inherited)",
					"@executable_path/Frameworks",
				);
				PRODUCT_BUNDLE_IDENTIFIER = com.sohaib.SudokuGame;
				PRODUCT_NAME = "${TARGET_NAME}";
				SWIFT_VERSION = 5.0;
				TARGETED_DEVICE_FAMILY = "1,2";
			};
			name = Release;
		};
/* End XCBuildConfiguration section */

/* Begin XCConfigurationList section */
		AE1B613A244764A600023D05 /* Build configuration list for PBXProject "SudokuGame" */ = {
			isa = XCConfigurationList;
			buildConfigurations = (
				AE1B614F244764A900023D05 /* Debug */,
				AE1B6150244764A900023D05 /* Release */,
			);
			defaultConfigurationIsVisible = 0;
			defaultConfigurationName = Release;
		};
		AE1B6151244764A900023D05 /* Build configuration list for PBXNativeTarget "SudokuGame" */ = {
			isa = XCConfigurationList;
			buildConfigurations = (
				AE1B6152244764A900023D05 /* Debug */,
				AE1B6153244764A900023D05 /* Release */,
			);
			defaultConfigurationIsVisible = 0;
			defaultConfigurationName = Release;
		};
/* End XCConfigurationList section */
	};
	rootObject = AE1B6137244764A600023D05 /* Project object */;
}
